// !$*UTF8*$!
{
	archiveVersion = 1;
	classes = {
	};
	objectVersion = 50;
	objects = {

/* Begin PBXBuildFile section */
		172D38E726940BAE00771535 /* AppDelegate.swift in Sources */ = {isa = PBXBuildFile; fileRef = 172D38E626940BAE00771535 /* AppDelegate.swift */; };
		172D38E926940BAE00771535 /* SceneDelegate.swift in Sources */ = {isa = PBXBuildFile; fileRef = 172D38E826940BAE00771535 /* SceneDelegate.swift */; };
		172D38EB26940BAE00771535 /* ViewController.swift in Sources */ = {isa = PBXBuildFile; fileRef = 172D38EA26940BAE00771535 /* ViewController.swift */; };
		172D38EE26940BAE00771535 /* Main.storyboard in Resources */ = {isa = PBXBuildFile; fileRef = 172D38EC26940BAE00771535 /* Main.storyboard */; };
		172D38F026940BAF00771535 /* Assets.xcassets in Resources */ = {isa = PBXBuildFile; fileRef = 172D38EF26940BAF00771535 /* Assets.xcassets */; };
		172D38F326940BAF00771535 /* LaunchScreen.storyboard in Resources */ = {isa = PBXBuildFile; fileRef = 172D38F126940BAF00771535 /* LaunchScreen.storyboard */; };
		172D38FC2694126A00771535 /* SignView.swift in Sources */ = {isa = PBXBuildFile; fileRef = 172D38FB2694126A00771535 /* SignView.swift */; };
		176095DE2694271200DA5720 /* TestView.swift in Sources */ = {isa = PBXBuildFile; fileRef = 176095DD2694271200DA5720 /* TestView.swift */; };
		176095E126942D0300DA5720 /* TestView1.swift in Sources */ = {isa = PBXBuildFile; fileRef = 176095E026942D0300DA5720 /* TestView1.swift */; };
/* End PBXBuildFile section */

/* Begin PBXFileReference section */
		172D38E326940BAE00771535 /* CoreAnimationLoader.app */ = {isa = PBXFileReference; explicitFileType = wrapper.application; includeInIndex = 0; path = CoreAnimationLoader.app; sourceTree = BUILT_PRODUCTS_DIR; };
		172D38E626940BAE00771535 /* AppDelegate.swift */ = {isa = PBXFileReference; lastKnownFileType = sourcecode.swift; path = AppDelegate.swift; sourceTree = "<group>"; };
		172D38E826940BAE00771535 /* SceneDelegate.swift */ = {isa = PBXFileReference; lastKnownFileType = sourcecode.swift; path = SceneDelegate.swift; sourceTree = "<group>"; };
		172D38EA26940BAE00771535 /* ViewController.swift */ = {isa = PBXFileReference; lastKnownFileType = sourcecode.swift; path = ViewController.swift; sourceTree = "<group>"; };
		172D38ED26940BAE00771535 /* Base */ = {isa = PBXFileReference; lastKnownFileType = file.storyboard; name = Base; path = Base.lproj/Main.storyboard; sourceTree = "<group>"; };
		172D38EF26940BAF00771535 /* Assets.xcassets */ = {isa = PBXFileReference; lastKnownFileType = folder.assetcatalog; path = Assets.xcassets; sourceTree = "<group>"; };
		172D38F226940BAF00771535 /* Base */ = {isa = PBXFileReference; lastKnownFileType = file.storyboard; name = Base; path = Base.lproj/LaunchScreen.storyboard; sourceTree = "<group>"; };
		172D38F426940BAF00771535 /* Info.plist */ = {isa = PBXFileReference; lastKnownFileType = text.plist.xml; path = Info.plist; sourceTree = "<group>"; };
		172D38FB2694126A00771535 /* SignView.swift */ = {isa = PBXFileReference; lastKnownFileType = sourcecode.swift; path = SignView.swift; sourceTree = "<group>"; };
		176095DD2694271200DA5720 /* TestView.swift */ = {isa = PBXFileReference; lastKnownFileType = sourcecode.swift; path = TestView.swift; sourceTree = "<group>"; };
		176095E026942D0300DA5720 /* TestView1.swift */ = {isa = PBXFileReference; lastKnownFileType = sourcecode.swift; path = TestView1.swift; sourceTree = "<group>"; };
/* End PBXFileReference section */

/* Begin PBXFrameworksBuildPhase section */
		172D38E026940BAE00771535 /* Frameworks */ = {
			isa = PBXFrameworksBuildPhase;
			buildActionMask = 2147483647;
			files = (
			);
			runOnlyForDeploymentPostprocessing = 0;
		};
/* End PBXFrameworksBuildPhase section */

/* Begin PBXGroup section */
		172D38DA26940BAE00771535 = {
			isa = PBXGroup;
			children = (
				172D38E526940BAE00771535 /* CoreAnimationLoader */,
				172D38E426940BAE00771535 /* Products */,
			);
			sourceTree = "<group>";
		};
		172D38E426940BAE00771535 /* Products */ = {
			isa = PBXGroup;
			children = (
				172D38E326940BAE00771535 /* CoreAnimationLoader.app */,
			);
			name = Products;
			sourceTree = "<group>";
		};
		172D38E526940BAE00771535 /* CoreAnimationLoader */ = {
			isa = PBXGroup;
			children = (
				172D38E626940BAE00771535 /* AppDelegate.swift */,
				172D38E826940BAE00771535 /* SceneDelegate.swift */,
				172D38EA26940BAE00771535 /* ViewController.swift */,
				172D38EC26940BAE00771535 /* Main.storyboard */,
				172D38EF26940BAF00771535 /* Assets.xcassets */,
				172D38F126940BAF00771535 /* LaunchScreen.storyboard */,
				172D38F426940BAF00771535 /* Info.plist */,
				172D38FB2694126A00771535 /* SignView.swift */,
				176095DD2694271200DA5720 /* TestView.swift */,
				176095E026942D0300DA5720 /* TestView1.swift */,
			);
			path = CoreAnimationLoader;
			sourceTree = "<group>";
		};
/* End PBXGroup section */

/* Begin PBXNativeTarget section */
		172D38E226940BAE00771535 /* CoreAnimationLoader */ = {
			isa = PBXNativeTarget;
			buildConfigurationList = 172D38F726940BAF00771535 /* Build configuration list for PBXNativeTarget "CoreAnimationLoader" */;
			buildPhases = (
				172D38DF26940BAE00771535 /* Sources */,
				172D38E026940BAE00771535 /* Frameworks */,
				172D38E126940BAE00771535 /* Resources */,
			);
			buildRules = (
			);
			dependencies = (
			);
			name = CoreAnimationLoader;
			productName = CoreAnimationLoader;
			productReference = 172D38E326940BAE00771535 /* CoreAnimationLoader.app */;
			productType = "com.apple.product-type.application";
		};
/* End PBXNativeTarget section */

/* Begin PBXProject section */
		172D38DB26940BAE00771535 /* Project object */ = {
			isa = PBXProject;
			attributes = {
				LastSwiftUpdateCheck = 1240;
				LastUpgradeCheck = 1240;
				TargetAttributes = {
					172D38E226940BAE00771535 = {
						CreatedOnToolsVersion = 12.4;
					};
				};
			};
			buildConfigurationList = 172D38DE26940BAE00771535 /* Build configuration list for PBXProject "CoreAnimationLoader" */;
			compatibilityVersion = "Xcode 9.3";
			developmentRegion = en;
			hasScannedForEncodings = 0;
			knownRegions = (
				en,
				Base,
			);
			mainGroup = 172D38DA26940BAE00771535;
			productRefGroup = 172D38E426940BAE00771535 /* Products */;
			projectDirPath = "";
			projectRoot = "";
			targets = (
				172D38E226940BAE00771535 /* CoreAnimationLoader */,
			);
		};
/* End PBXProject section */

/* Begin PBXResourcesBuildPhase section */
		172D38E126940BAE00771535 /* Resources */ = {
			isa = PBXResourcesBuildPhase;
			buildActionMask = 2147483647;
			files = (
				172D38F326940BAF00771535 /* LaunchScreen.storyboard in Resources */,
				172D38F026940BAF00771535 /* Assets.xcassets in Resources */,
				172D38EE26940BAE00771535 /* Main.storyboard in Resources */,
			);
			runOnlyForDeploymentPostprocessing = 0;
		};
/* End PBXResourcesBuildPhase section */

/* Begin PBXSourcesBuildPhase section */
		172D38DF26940BAE00771535 /* Sources */ = {
			isa = PBXSourcesBuildPhase;
			buildActionMask = 2147483647;
			files = (
				176095E126942D0300DA5720 /* TestView1.swift in Sources */,
				172D38EB26940BAE00771535 /* ViewController.swift in Sources */,
				176095DE2694271200DA5720 /* TestView.swift in Sources */,
				172D38FC2694126A00771535 /* SignView.swift in Sources */,
				172D38E726940BAE00771535 /* AppDelegate.swift in Sources */,
				172D38E926940BAE00771535 /* SceneDelegate.swift in Sources */,
			);
			runOnlyForDeploymentPostprocessing = 0;
		};
/* End PBXSourcesBuildPhase section */

/* Begin PBXVariantGroup section */
		172D38EC26940BAE00771535 /* Main.storyboard */ = {
			isa = PBXVariantGroup;
			children = (
				172D38ED26940BAE00771535 /* Base */,
			);
			name = Main.storyboard;
			sourceTree = "<group>";
		};
		172D38F126940BAF00771535 /* LaunchScreen.storyboard */ = {
			isa = PBXVariantGroup;
			children = (
				172D38F226940BAF00771535 /* Base */,
			);
			name = LaunchScreen.storyboard;
			sourceTree = "<group>";
		};
/* End PBXVariantGroup section */

/* Begin XCBuildConfiguration section */
		172D38F526940BAF00771535 /* Debug */ = {
			isa = XCBuildConfiguration;
			buildSettings = {
				ALWAYS_SEARCH_USER_PATHS = NO;
				CLANG_ANALYZER_NONNULL = YES;
				CLANG_ANALYZER_NUMBER_OBJECT_CONVERSION = YES_AGGRESSIVE;
				CLANG_CXX_LANGUAGE_STANDARD = "gnu++14";
				CLANG_CXX_LIBRARY = "libc++";
				CLANG_ENABLE_MODULES = YES;
				CLANG_ENABLE_OBJC_ARC = YES;
				CLANG_ENABLE_OBJC_WEAK = YES;
				CLANG_WARN_BLOCK_CAPTURE_AUTORELEASING = YES;
				CLANG_WARN_BOOL_CONVERSION = YES;
				CLANG_WARN_COMMA = YES;
				CLANG_WARN_CONSTANT_CONVERSION = YES;
				CLANG_WARN_DEPRECATED_OBJC_IMPLEMENTATIONS = YES;
				CLANG_WARN_DIRECT_OBJC_ISA_USAGE = YES_ERROR;
				CLANG_WARN_DOCUMENTATION_COMMENTS = YES;
				CLANG_WARN_EMPTY_BODY = YES;
				CLANG_WARN_ENUM_CONVERSION = YES;
				CLANG_WARN_INFINITE_RECURSION = YES;
				CLANG_WARN_INT_CONVERSION = YES;
				CLANG_WARN_NON_LITERAL_NULL_CONVERSION = YES;
				CLANG_WARN_OBJC_IMPLICIT_RETAIN_SELF = YES;
				CLANG_WARN_OBJC_LITERAL_CONVERSION = YES;
				CLANG_WARN_OBJC_ROOT_CLASS = YES_ERROR;
				CLANG_WARN_QUOTED_INCLUDE_IN_FRAMEWORK_HEADER = YES;
				CLANG_WARN_RANGE_LOOP_ANALYSIS = YES;
				CLANG_WARN_STRICT_PROTOTYPES = YES;
				CLANG_WARN_SUSPICIOUS_MOVE = YES;
				CLANG_WARN_UNGUARDED_AVAILABILITY = YES_AGGRESSIVE;
				CLANG_WARN_UNREACHABLE_CODE = YES;
				CLANG_WARN__DUPLICATE_METHOD_MATCH = YES;
				COPY_PHASE_STRIP = NO;
				DEBUG_INFORMATION_FORMAT = dwarf;
				ENABLE_STRICT_OBJC_MSGSEND = YES;
				ENABLE_TESTABILITY = YES;
				GCC_C_LANGUAGE_STANDARD = gnu11;
				GCC_DYNAMIC_NO_PIC = NO;
				GCC_NO_COMMON_BLOCKS = YES;
				GCC_OPTIMIZATION_LEVEL = 0;
				GCC_PREPROCESSOR_DEFINITIONS = (
					"DEBUG=1",
					"$(inherited)",
				);
				GCC_WARN_64_TO_32_BIT_CONVERSION = YES;
				GCC_WARN_ABOUT_RETURN_TYPE = YES_ERROR;
				GCC_WARN_UNDECLARED_SELECTOR = YES;
				GCC_WARN_UNINITIALIZED_AUTOS = YES_AGGRESSIVE;
				GCC_WARN_UNUSED_FUNCTION = YES;
				GCC_WARN_UNUSED_VARIABLE = YES;
				IPHONEOS_DEPLOYMENT_TARGET = 14.4;
				MTL_ENABLE_DEBUG_INFO = INCLUDE_SOURCE;
				MTL_FAST_MATH = YES;
				ONLY_ACTIVE_ARCH = YES;
				SDKROOT = iphoneos;
				SWIFT_ACTIVE_COMPILATION_CONDITIONS = DEBUG;
				SWIFT_OPTIMIZATION_LEVEL = "-Onone";
			};
			name = Debug;
		};
		172D38F626940BAF00771535 /* Release */ = {
			isa = XCBuildConfiguration;
			buildSettings = {
				ALWAYS_SEARCH_USER_PATHS = NO;
				CLANG_ANALYZER_NONNULL = YES;
				CLANG_ANALYZER_NUMBER_OBJECT_CONVERSION = YES_AGGRESSIVE;
				CLANG_CXX_LANGUAGE_STANDARD = "gnu++14";
				CLANG_CXX_LIBRARY = "libc++";
				CLANG_ENABLE_MODULES = YES;
				CLANG_ENABLE_OBJC_ARC = YES;
				CLANG_ENABLE_OBJC_WEAK = YES;
				CLANG_WARN_BLOCK_CAPTURE_AUTORELEASING = YES;
				CLANG_WARN_BOOL_CONVERSION = YES;
				CLANG_WARN_COMMA = YES;
				CLANG_WARN_CONSTANT_CONVERSION = YES;
				CLANG_WARN_DEPRECATED_OBJC_IMPLEMENTATIONS = YES;
				CLANG_WARN_DIRECT_OBJC_ISA_USAGE = YES_ERROR;
				CLANG_WARN_DOCUMENTATION_COMMENTS = YES;
				CLANG_WARN_EMPTY_BODY = YES;
				CLANG_WARN_ENUM_CONVERSION = YES;
				CLANG_WARN_INFINITE_RECURSION = YES;
				CLANG_WARN_INT_CONVERSION = YES;
				CLANG_WARN_NON_LITERAL_NULL_CONVERSION = YES;
				CLANG_WARN_OBJC_IMPLICIT_RETAIN_SELF = YES;
				CLANG_WARN_OBJC_LITERAL_CONVERSION = YES;
				CLANG_WARN_OBJC_ROOT_CLASS = YES_ERROR;
				CLANG_WARN_QUOTED_INCLUDE_IN_FRAMEWORK_HEADER = YES;
				CLANG_WARN_RANGE_LOOP_ANALYSIS = YES;
				CLANG_WARN_STRICT_PROTOTYPES = YES;
				CLANG_WARN_SUSPICIOUS_MOVE = YES;
				CLANG_WARN_UNGUARDED_AVAILABILITY = YES_AGGRESSIVE;
				CLANG_WARN_UNREACHABLE_CODE = YES;
				CLANG_WARN__DUPLICATE_METHOD_MATCH = YES;
				COPY_PHASE_STRIP = NO;
				DEBUG_INFORMATION_FORMAT = "dwarf-with-dsym";
				ENABLE_NS_ASSERTIONS = NO;
				ENABLE_STRICT_OBJC_MSGSEND = YES;
				GCC_C_LANGUAGE_STANDARD = gnu11;
				GCC_NO_COMMON_BLOCKS = YES;
				GCC_WARN_64_TO_32_BIT_CONVERSION = YES;
				GCC_WARN_ABOUT_RETURN_TYPE = YES_ERROR;
				GCC_WARN_UNDECLARED_SELECTOR = YES;
				GCC_WARN_UNINITIALIZED_AUTOS = YES_AGGRESSIVE;
				GCC_WARN_UNUSED_FUNCTION = YES;
				GCC_WARN_UNUSED_VARIABLE = YES;
				IPHONEOS_DEPLOYMENT_TARGET = 14.4;
				MTL_ENABLE_DEBUG_INFO = NO;
				MTL_FAST_MATH = YES;
				SDKROOT = iphoneos;
				SWIFT_COMPILATION_MODE = wholemodule;
				SWIFT_OPTIMIZATION_LEVEL = "-O";
				VALIDATE_PRODUCT = YES;
			};
			name = Release;
		};
		172D38F826940BAF00771535 /* Debug */ = {
			isa = XCBuildConfiguration;
			buildSettings = {
				ASSETCATALOG_COMPILER_APPICON_NAME = AppIcon;
				ASSETCATALOG_COMPILER_GLOBAL_ACCENT_COLOR_NAME = AccentColor;
				CODE_SIGN_STYLE = Automatic;
				INFOPLIST_FILE = CoreAnimationLoader/Info.plist;
				LD_RUNPATH_SEARCH_PATHS = (
					"$(inherited)",
					"@executable_path/Frameworks",
				);
				PRODUCT_BUNDLE_IDENTIFIER = com.arif.CoreAnimationLoader;
				PRODUCT_NAME = "$(TARGET_NAME)";
				SWIFT_VERSION = 5.0;
				TARGETED_DEVICE_FAMILY = "1,2";
			};
			name = Debug;
		};
		172D38F926940BAF00771535 /* Release */ = {
			isa = XCBuildConfiguration;
			buildSettings = {
				ASSETCATALOG_COMPILER_APPICON_NAME = AppIcon;
				ASSETCATALOG_COMPILER_GLOBAL_ACCENT_COLOR_NAME = AccentColor;
				CODE_SIGN_STYLE = Automatic;
				INFOPLIST_FILE = CoreAnimationLoader/Info.plist;
				LD_RUNPATH_SEARCH_PATHS = (
					"$(inherited)",
					"@executable_path/Frameworks",
				);
				PRODUCT_BUNDLE_IDENTIFIER = com.arif.CoreAnimationLoader;
				PRODUCT_NAME = "$(TARGET_NAME)";
				SWIFT_VERSION = 5.0;
				TARGETED_DEVICE_FAMILY = "1,2";
			};
			name = Release;
		};
/* End XCBuildConfiguration section */

/* Begin XCConfigurationList section */
		172D38DE26940BAE00771535 /* Build configuration list for PBXProject "CoreAnimationLoader" */ = {
			isa = XCConfigurationList;
			buildConfigurations = (
				172D38F526940BAF00771535 /* Debug */,
				172D38F626940BAF00771535 /* Release */,
			);
			defaultConfigurationIsVisible = 0;
			defaultConfigurationName = Release;
		};
		172D38F726940BAF00771535 /* Build configuration list for PBXNativeTarget "CoreAnimationLoader" */ = {
			isa = XCConfigurationList;
			buildConfigurations = (
				172D38F826940BAF00771535 /* Debug */,
				172D38F926940BAF00771535 /* Release */,
			);
			defaultConfigurationIsVisible = 0;
			defaultConfigurationName = Release;
		};
/* End XCConfigurationList section */
	};
	rootObject = 172D38DB26940BAE00771535 /* Project object */;
}
