// !$*UTF8*$!
{
	archiveVersion = 1;
	classes = {
	};
	objectVersion = 51;
	objects = {

/* Begin PBXBuildFile section */
		17C4198E2691933600E1290F /* AppDelegate.swift in Sources */ = {isa = PBXBuildFile; fileRef = 17C4198D2691933600E1290F /* AppDelegate.swift */; };
		17C419902691933600E1290F /* SceneDelegate.swift in Sources */ = {isa = PBXBuildFile; fileRef = 17C4198F2691933600E1290F /* SceneDelegate.swift */; };
		17C419922691933600E1290F /* ViewController.swift in Sources */ = {isa = PBXBuildFile; fileRef = 17C419912691933600E1290F /* ViewController.swift */; };
		17C419952691933600E1290F /* Main.storyboard in Resources */ = {isa = PBXBuildFile; fileRef = 17C419932691933600E1290F /* Main.storyboard */; };
		17C419972691933800E1290F /* Assets.xcassets in Resources */ = {isa = PBXBuildFile; fileRef = 17C419962691933800E1290F /* Assets.xcassets */; };
		17C4199A2691933800E1290F /* LaunchScreen.storyboard in Resources */ = {isa = PBXBuildFile; fileRef = 17C419982691933800E1290F /* LaunchScreen.storyboard */; };
		17C419A726919F5D00E1290F /* Loader.json in Resources */ = {isa = PBXBuildFile; fileRef = 17C419A626919F5D00E1290F /* Loader.json */; };
		6D7238A29115CD8F7F90D50A /* Pods_LottiExample.framework in Frameworks */ = {isa = PBXBuildFile; fileRef = 1AA2D282B20AC152D61FF1A6 /* Pods_LottiExample.framework */; };
/* End PBXBuildFile section */

/* Begin PBXFileReference section */
		17C4198A2691933600E1290F /* LottiExample.app */ = {isa = PBXFileReference; explicitFileType = wrapper.application; includeInIndex = 0; path = LottiExample.app; sourceTree = BUILT_PRODUCTS_DIR; };
		17C4198D2691933600E1290F /* AppDelegate.swift */ = {isa = PBXFileReference; lastKnownFileType = sourcecode.swift; path = AppDelegate.swift; sourceTree = "<group>"; };
		17C4198F2691933600E1290F /* SceneDelegate.swift */ = {isa = PBXFileReference; lastKnownFileType = sourcecode.swift; path = SceneDelegate.swift; sourceTree = "<group>"; };
		17C419912691933600E1290F /* ViewController.swift */ = {isa = PBXFileReference; lastKnownFileType = sourcecode.swift; path = ViewController.swift; sourceTree = "<group>"; };
		17C419942691933600E1290F /* Base */ = {isa = PBXFileReference; lastKnownFileType = file.storyboard; name = Base; path = Base.lproj/Main.storyboard; sourceTree = "<group>"; };
		17C419962691933800E1290F /* Assets.xcassets */ = {isa = PBXFileReference; lastKnownFileType = folder.assetcatalog; path = Assets.xcassets; sourceTree = "<group>"; };
		17C419992691933800E1290F /* Base */ = {isa = PBXFileReference; lastKnownFileType = file.storyboard; name = Base; path = Base.lproj/LaunchScreen.storyboard; sourceTree = "<group>"; };
		17C4199B2691933800E1290F /* Info.plist */ = {isa = PBXFileReference; lastKnownFileType = text.plist.xml; path = Info.plist; sourceTree = "<group>"; };
		17C419A626919F5D00E1290F /* Loader.json */ = {isa = PBXFileReference; fileEncoding = 4; lastKnownFileType = text.json; path = Loader.json; sourceTree = "<group>"; };
		1AA2D282B20AC152D61FF1A6 /* Pods_LottiExample.framework */ = {isa = PBXFileReference; explicitFileType = wrapper.framework; includeInIndex = 0; path = Pods_LottiExample.framework; sourceTree = BUILT_PRODUCTS_DIR; };
		5C0FCAC447EFD0A016B111E9 /* Pods-LottiExample.release.xcconfig */ = {isa = PBXFileReference; includeInIndex = 1; lastKnownFileType = text.xcconfig; name = "Pods-LottiExample.release.xcconfig"; path = "Target Support Files/Pods-LottiExample/Pods-LottiExample.release.xcconfig"; sourceTree = "<group>"; };
		B311897EF3BFBFFB0AA395D4 /* Pods-LottiExample.debug.xcconfig */ = {isa = PBXFileReference; includeInIndex = 1; lastKnownFileType = text.xcconfig; name = "Pods-LottiExample.debug.xcconfig"; path = "Target Support Files/Pods-LottiExample/Pods-LottiExample.debug.xcconfig"; sourceTree = "<group>"; };
/* End PBXFileReference section */

/* Begin PBXFrameworksBuildPhase section */
		17C419872691933600E1290F /* Frameworks */ = {
			isa = PBXFrameworksBuildPhase;
			buildActionMask = 2147483647;
			files = (
				6D7238A29115CD8F7F90D50A /* Pods_LottiExample.framework in Frameworks */,
			);
			runOnlyForDeploymentPostprocessing = 0;
		};
/* End PBXFrameworksBuildPhase section */

/* Begin PBXGroup section */
		17C419812691933600E1290F = {
			isa = PBXGroup;
			children = (
				17C4198C2691933600E1290F /* LottiExample */,
				17C4198B2691933600E1290F /* Products */,
				39CB9F53CDAF119AF67A54BF /* Pods */,
				B758A5642F5F54B34A3096E1 /* Frameworks */,
			);
			sourceTree = "<group>";
		};
		17C4198B2691933600E1290F /* Products */ = {
			isa = PBXGroup;
			children = (
				17C4198A2691933600E1290F /* LottiExample.app */,
			);
			name = Products;
			sourceTree = "<group>";
		};
		17C4198C2691933600E1290F /* LottiExample */ = {
			isa = PBXGroup;
			children = (
				17C4198D2691933600E1290F /* AppDelegate.swift */,
				17C4198F2691933600E1290F /* SceneDelegate.swift */,
				17C419912691933600E1290F /* ViewController.swift */,
				17C419932691933600E1290F /* Main.storyboard */,
				17C419962691933800E1290F /* Assets.xcassets */,
				17C419A626919F5D00E1290F /* Loader.json */,
				17C419982691933800E1290F /* LaunchScreen.storyboard */,
				17C4199B2691933800E1290F /* Info.plist */,
			);
			path = LottiExample;
			sourceTree = "<group>";
		};
		39CB9F53CDAF119AF67A54BF /* Pods */ = {
			isa = PBXGroup;
			children = (
				B311897EF3BFBFFB0AA395D4 /* Pods-LottiExample.debug.xcconfig */,
				5C0FCAC447EFD0A016B111E9 /* Pods-LottiExample.release.xcconfig */,
			);
			path = Pods;
			sourceTree = "<group>";
		};
		B758A5642F5F54B34A3096E1 /* Frameworks */ = {
			isa = PBXGroup;
			children = (
				1AA2D282B20AC152D61FF1A6 /* Pods_LottiExample.framework */,
			);
			name = Frameworks;
			sourceTree = "<group>";
		};
/* End PBXGroup section */

/* Begin PBXNativeTarget section */
		17C419892691933600E1290F /* LottiExample */ = {
			isa = PBXNativeTarget;
			buildConfigurationList = 17C4199E2691933800E1290F /* Build configuration list for PBXNativeTarget "LottiExample" */;
			buildPhases = (
				C5B848A3FBA18FB8C94F5DBE /* [CP] Check Pods Manifest.lock */,
				17C419862691933600E1290F /* Sources */,
				17C419872691933600E1290F /* Frameworks */,
				17C419882691933600E1290F /* Resources */,
				CD8A918E455B7AF4382BDABC /* [CP] Embed Pods Frameworks */,
			);
			buildRules = (
			);
			dependencies = (
			);
			name = LottiExample;
			productName = LottiExample;
			productReference = 17C4198A2691933600E1290F /* LottiExample.app */;
			productType = "com.apple.product-type.application";
		};
/* End PBXNativeTarget section */

/* Begin PBXProject section */
		17C419822691933600E1290F /* Project object */ = {
			isa = PBXProject;
			attributes = {
				LastSwiftUpdateCheck = 1240;
				LastUpgradeCheck = 1240;
				TargetAttributes = {
					17C419892691933600E1290F = {
						CreatedOnToolsVersion = 12.4;
					};
				};
			};
			buildConfigurationList = 17C419852691933600E1290F /* Build configuration list for PBXProject "LottiExample" */;
			compatibilityVersion = "Xcode 9.3";
			developmentRegion = en;
			hasScannedForEncodings = 0;
			knownRegions = (
				en,
				Base,
			);
			mainGroup = 17C419812691933600E1290F;
			productRefGroup = 17C4198B2691933600E1290F /* Products */;
			projectDirPath = "";
			projectRoot = "";
			targets = (
				17C419892691933600E1290F /* LottiExample */,
			);
		};
/* End PBXProject section */

/* Begin PBXResourcesBuildPhase section */
		17C419882691933600E1290F /* Resources */ = {
			isa = PBXResourcesBuildPhase;
			buildActionMask = 2147483647;
			files = (
				17C4199A2691933800E1290F /* LaunchScreen.storyboard in Resources */,
				17C419972691933800E1290F /* Assets.xcassets in Resources */,
				17C419A726919F5D00E1290F /* Loader.json in Resources */,
				17C419952691933600E1290F /* Main.storyboard in Resources */,
			);
			runOnlyForDeploymentPostprocessing = 0;
		};
/* End PBXResourcesBuildPhase section */

/* Begin PBXShellScriptBuildPhase section */
		C5B848A3FBA18FB8C94F5DBE /* [CP] Check Pods Manifest.lock */ = {
			isa = PBXShellScriptBuildPhase;
			buildActionMask = 2147483647;
			files = (
			);
			inputFileListPaths = (
			);
			inputPaths = (
				"${PODS_PODFILE_DIR_PATH}/Podfile.lock",
				"${PODS_ROOT}/Manifest.lock",
			);
			name = "[CP] Check Pods Manifest.lock";
			outputFileListPaths = (
			);
			outputPaths = (
				"$(DERIVED_FILE_DIR)/Pods-LottiExample-checkManifestLockResult.txt",
			);
			runOnlyForDeploymentPostprocessing = 0;
			shellPath = /bin/sh;
			shellScript = "diff \"${PODS_PODFILE_DIR_PATH}/Podfile.lock\" \"${PODS_ROOT}/Manifest.lock\" > /dev/null\nif [ $? != 0 ] ; then\n    # print error to STDERR\n    echo \"error: The sandbox is not in sync with the Podfile.lock. Run 'pod install' or update your CocoaPods installation.\" >&2\n    exit 1\nfi\n# This output is used by Xcode 'outputs' to avoid re-running this script phase.\necho \"SUCCESS\" > \"${SCRIPT_OUTPUT_FILE_0}\"\n";
			showEnvVarsInLog = 0;
		};
		CD8A918E455B7AF4382BDABC /* [CP] Embed Pods Frameworks */ = {
			isa = PBXShellScriptBuildPhase;
			buildActionMask = 2147483647;
			files = (
			);
			inputFileListPaths = (
				"${PODS_ROOT}/Target Support Files/Pods-LottiExample/Pods-LottiExample-frameworks-${CONFIGURATION}-input-files.xcfilelist",
			);
			name = "[CP] Embed Pods Frameworks";
			outputFileListPaths = (
				"${PODS_ROOT}/Target Support Files/Pods-LottiExample/Pods-LottiExample-frameworks-${CONFIGURATION}-output-files.xcfilelist",
			);
			runOnlyForDeploymentPostprocessing = 0;
			shellPath = /bin/sh;
			shellScript = "\"${PODS_ROOT}/Target Support Files/Pods-LottiExample/Pods-LottiExample-frameworks.sh\"\n";
			showEnvVarsInLog = 0;
		};
/* End PBXShellScriptBuildPhase section */

/* Begin PBXSourcesBuildPhase section */
		17C419862691933600E1290F /* Sources */ = {
			isa = PBXSourcesBuildPhase;
			buildActionMask = 2147483647;
			files = (
				17C419922691933600E1290F /* ViewController.swift in Sources */,
				17C4198E2691933600E1290F /* AppDelegate.swift in Sources */,
				17C419902691933600E1290F /* SceneDelegate.swift in Sources */,
			);
			runOnlyForDeploymentPostprocessing = 0;
		};
/* End PBXSourcesBuildPhase section */

/* Begin PBXVariantGroup section */
		17C419932691933600E1290F /* Main.storyboard */ = {
			isa = PBXVariantGroup;
			children = (
				17C419942691933600E1290F /* Base */,
			);
			name = Main.storyboard;
			sourceTree = "<group>";
		};
		17C419982691933800E1290F /* LaunchScreen.storyboard */ = {
			isa = PBXVariantGroup;
			children = (
				17C419992691933800E1290F /* Base */,
			);
			name = LaunchScreen.storyboard;
			sourceTree = "<group>";
		};
/* End PBXVariantGroup section */

/* Begin XCBuildConfiguration section */
		17C4199C2691933800E1290F /* Debug */ = {
			isa = XCBuildConfiguration;
			buildSettings = {
				ALWAYS_SEARCH_USER_PATHS = NO;
				CLANG_ANALYZER_NONNULL = YES;
				CLANG_ANALYZER_NUMBER_OBJECT_CONVERSION = YES_AGGRESSIVE;
				CLANG_CXX_LANGUAGE_STANDARD = "gnu++14";
				CLANG_CXX_LIBRARY = "libc++";
				CLANG_ENABLE_MODULES = YES;
				CLANG_ENABLE_OBJC_ARC = YES;
				CLANG_ENABLE_OBJC_WEAK = YES;
				CLANG_WARN_BLOCK_CAPTURE_AUTORELEASING = YES;
				CLANG_WARN_BOOL_CONVERSION = YES;
				CLANG_WARN_COMMA = YES;
				CLANG_WARN_CONSTANT_CONVERSION = YES;
				CLANG_WARN_DEPRECATED_OBJC_IMPLEMENTATIONS = YES;
				CLANG_WARN_DIRECT_OBJC_ISA_USAGE = YES_ERROR;
				CLANG_WARN_DOCUMENTATION_COMMENTS = YES;
				CLANG_WARN_EMPTY_BODY = YES;
				CLANG_WARN_ENUM_CONVERSION = YES;
				CLANG_WARN_INFINITE_RECURSION = YES;
				CLANG_WARN_INT_CONVERSION = YES;
				CLANG_WARN_NON_LITERAL_NULL_CONVERSION = YES;
				CLANG_WARN_OBJC_IMPLICIT_RETAIN_SELF = YES;
				CLANG_WARN_OBJC_LITERAL_CONVERSION = YES;
				CLANG_WARN_OBJC_ROOT_CLASS = YES_ERROR;
				CLANG_WARN_QUOTED_INCLUDE_IN_FRAMEWORK_HEADER = YES;
				CLANG_WARN_RANGE_LOOP_ANALYSIS = YES;
				CLANG_WARN_STRICT_PROTOTYPES = YES;
				CLANG_WARN_SUSPICIOUS_MOVE = YES;
				CLANG_WARN_UNGUARDED_AVAILABILITY = YES_AGGRESSIVE;
				CLANG_WARN_UNREACHABLE_CODE = YES;
				CLANG_WARN__DUPLICATE_METHOD_MATCH = YES;
				COPY_PHASE_STRIP = NO;
				DEBUG_INFORMATION_FORMAT = dwarf;
				ENABLE_STRICT_OBJC_MSGSEND = YES;
				ENABLE_TESTABILITY = YES;
				GCC_C_LANGUAGE_STANDARD = gnu11;
				GCC_DYNAMIC_NO_PIC = NO;
				GCC_NO_COMMON_BLOCKS = YES;
				GCC_OPTIMIZATION_LEVEL = 0;
				GCC_PREPROCESSOR_DEFINITIONS = (
					"DEBUG=1",
					"$(inherited)",
				);
				GCC_WARN_64_TO_32_BIT_CONVERSION = YES;
				GCC_WARN_ABOUT_RETURN_TYPE = YES_ERROR;
				GCC_WARN_UNDECLARED_SELECTOR = YES;
				GCC_WARN_UNINITIALIZED_AUTOS = YES_AGGRESSIVE;
				GCC_WARN_UNUSED_FUNCTION = YES;
				GCC_WARN_UNUSED_VARIABLE = YES;
				IPHONEOS_DEPLOYMENT_TARGET = 14.4;
				MTL_ENABLE_DEBUG_INFO = INCLUDE_SOURCE;
				MTL_FAST_MATH = YES;
				ONLY_ACTIVE_ARCH = YES;
				SDKROOT = iphoneos;
				SWIFT_ACTIVE_COMPILATION_CONDITIONS = DEBUG;
				SWIFT_OPTIMIZATION_LEVEL = "-Onone";
			};
			name = Debug;
		};
		17C4199D2691933800E1290F /* Release */ = {
			isa = XCBuildConfiguration;
			buildSettings = {
				ALWAYS_SEARCH_USER_PATHS = NO;
				CLANG_ANALYZER_NONNULL = YES;
				CLANG_ANALYZER_NUMBER_OBJECT_CONVERSION = YES_AGGRESSIVE;
				CLANG_CXX_LANGUAGE_STANDARD = "gnu++14";
				CLANG_CXX_LIBRARY = "libc++";
				CLANG_ENABLE_MODULES = YES;
				CLANG_ENABLE_OBJC_ARC = YES;
				CLANG_ENABLE_OBJC_WEAK = YES;
				CLANG_WARN_BLOCK_CAPTURE_AUTORELEASING = YES;
				CLANG_WARN_BOOL_CONVERSION = YES;
				CLANG_WARN_COMMA = YES;
				CLANG_WARN_CONSTANT_CONVERSION = YES;
				CLANG_WARN_DEPRECATED_OBJC_IMPLEMENTATIONS = YES;
				CLANG_WARN_DIRECT_OBJC_ISA_USAGE = YES_ERROR;
				CLANG_WARN_DOCUMENTATION_COMMENTS = YES;
				CLANG_WARN_EMPTY_BODY = YES;
				CLANG_WARN_ENUM_CONVERSION = YES;
				CLANG_WARN_INFINITE_RECURSION = YES;
				CLANG_WARN_INT_CONVERSION = YES;
				CLANG_WARN_NON_LITERAL_NULL_CONVERSION = YES;
				CLANG_WARN_OBJC_IMPLICIT_RETAIN_SELF = YES;
				CLANG_WARN_OBJC_LITERAL_CONVERSION = YES;
				CLANG_WARN_OBJC_ROOT_CLASS = YES_ERROR;
				CLANG_WARN_QUOTED_INCLUDE_IN_FRAMEWORK_HEADER = YES;
				CLANG_WARN_RANGE_LOOP_ANALYSIS = YES;
				CLANG_WARN_STRICT_PROTOTYPES = YES;
				CLANG_WARN_SUSPICIOUS_MOVE = YES;
				CLANG_WARN_UNGUARDED_AVAILABILITY = YES_AGGRESSIVE;
				CLANG_WARN_UNREACHABLE_CODE = YES;
				CLANG_WARN__DUPLICATE_METHOD_MATCH = YES;
				COPY_PHASE_STRIP = NO;
				DEBUG_INFORMATION_FORMAT = "dwarf-with-dsym";
				ENABLE_NS_ASSERTIONS = NO;
				ENABLE_STRICT_OBJC_MSGSEND = YES;
				GCC_C_LANGUAGE_STANDARD = gnu11;
				GCC_NO_COMMON_BLOCKS = YES;
				GCC_WARN_64_TO_32_BIT_CONVERSION = YES;
				GCC_WARN_ABOUT_RETURN_TYPE = YES_ERROR;
				GCC_WARN_UNDECLARED_SELECTOR = YES;
				GCC_WARN_UNINITIALIZED_AUTOS = YES_AGGRESSIVE;
				GCC_WARN_UNUSED_FUNCTION = YES;
				GCC_WARN_UNUSED_VARIABLE = YES;
				IPHONEOS_DEPLOYMENT_TARGET = 14.4;
				MTL_ENABLE_DEBUG_INFO = NO;
				MTL_FAST_MATH = YES;
				SDKROOT = iphoneos;
				SWIFT_COMPILATION_MODE = wholemodule;
				SWIFT_OPTIMIZATION_LEVEL = "-O";
				VALIDATE_PRODUCT = YES;
			};
			name = Release;
		};
		17C4199F2691933800E1290F /* Debug */ = {
			isa = XCBuildConfiguration;
			baseConfigurationReference = B311897EF3BFBFFB0AA395D4 /* Pods-LottiExample.debug.xcconfig */;
			buildSettings = {
				ASSETCATALOG_COMPILER_APPICON_NAME = AppIcon;
				ASSETCATALOG_COMPILER_GLOBAL_ACCENT_COLOR_NAME = AccentColor;
				CODE_SIGN_STYLE = Automatic;
				INFOPLIST_FILE = LottiExample/Info.plist;
				LD_RUNPATH_SEARCH_PATHS = (
					"$(inherited)",
					"@executable_path/Frameworks",
				);
				PRODUCT_BUNDLE_IDENTIFIER = com.arif.LottiExample;
				PRODUCT_NAME = "$(TARGET_NAME)";
				SWIFT_VERSION = 5.0;
				TARGETED_DEVICE_FAMILY = "1,2";
			};
			name = Debug;
		};
		17C419A02691933800E1290F /* Release */ = {
			isa = XCBuildConfiguration;
			baseConfigurationReference = 5C0FCAC447EFD0A016B111E9 /* Pods-LottiExample.release.xcconfig */;
			buildSettings = {
				ASSETCATALOG_COMPILER_APPICON_NAME = AppIcon;
				ASSETCATALOG_COMPILER_GLOBAL_ACCENT_COLOR_NAME = AccentColor;
				CODE_SIGN_STYLE = Automatic;
				INFOPLIST_FILE = LottiExample/Info.plist;
				LD_RUNPATH_SEARCH_PATHS = (
					"$(inherited)",
					"@executable_path/Frameworks",
				);
				PRODUCT_BUNDLE_IDENTIFIER = com.arif.LottiExample;
				PRODUCT_NAME = "$(TARGET_NAME)";
				SWIFT_VERSION = 5.0;
				TARGETED_DEVICE_FAMILY = "1,2";
			};
			name = Release;
		};
/* End XCBuildConfiguration section */

/* Begin XCConfigurationList section */
		17C419852691933600E1290F /* Build configuration list for PBXProject "LottiExample" */ = {
			isa = XCConfigurationList;
			buildConfigurations = (
				17C4199C2691933800E1290F /* Debug */,
				17C4199D2691933800E1290F /* Release */,
			);
			defaultConfigurationIsVisible = 0;
			defaultConfigurationName = Release;
		};
		17C4199E2691933800E1290F /* Build configuration list for PBXNativeTarget "LottiExample" */ = {
			isa = XCConfigurationList;
			buildConfigurations = (
				17C4199F2691933800E1290F /* Debug */,
				17C419A02691933800E1290F /* Release */,
			);
			defaultConfigurationIsVisible = 0;
			defaultConfigurationName = Release;
		};
/* End XCConfigurationList section */
	};
	rootObject = 17C419822691933600E1290F /* Project object */;
}
