// !$*UTF8*$!
{
	archiveVersion = 1;
	classes = {
	};
	objectVersion = 50;
	objects = {

/* Begin PBXBuildFile section */
		0530ADA223D3918E00AB6314 /* CategoryViewController.swift in Sources */ = {isa = PBXBuildFile; fileRef = 0530ADA123D3918E00AB6314 /* CategoryViewController.swift */; };
		053EF27723C8A5A500C70062 /* AppDelegate.swift in Sources */ = {isa = PBXBuildFile; fileRef = 053EF27623C8A5A500C70062 /* AppDelegate.swift */; };
		053EF27923C8A5A500C70062 /* SceneDelegate.swift in Sources */ = {isa = PBXBuildFile; fileRef = 053EF27823C8A5A500C70062 /* SceneDelegate.swift */; };
		053EF27E23C8A5A500C70062 /* Main.storyboard in Resources */ = {isa = PBXBuildFile; fileRef = 053EF27C23C8A5A500C70062 /* Main.storyboard */; };
		053EF28023C8A5A600C70062 /* Assets.xcassets in Resources */ = {isa = PBXBuildFile; fileRef = 053EF27F23C8A5A600C70062 /* Assets.xcassets */; };
		053EF28323C8A5A600C70062 /* LaunchScreen.storyboard in Resources */ = {isa = PBXBuildFile; fileRef = 053EF28123C8A5A600C70062 /* LaunchScreen.storyboard */; };
		053EF28B23C8A99100C70062 /* TodoListViewController.swift in Sources */ = {isa = PBXBuildFile; fileRef = 053EF28A23C8A99100C70062 /* TodoListViewController.swift */; };
		05527F5423D2DDB400D0BDCD /* DataModel.xcdatamodeld in Sources */ = {isa = PBXBuildFile; fileRef = 05527F5223D2DDB400D0BDCD /* DataModel.xcdatamodeld */; };
		05ACE87023D248BB001C8229 /* Item.swift in Sources */ = {isa = PBXBuildFile; fileRef = 05ACE86F23D248BB001C8229 /* Item.swift */; };
/* End PBXBuildFile section */

/* Begin PBXFileReference section */
		0530ADA123D3918E00AB6314 /* CategoryViewController.swift */ = {isa = PBXFileReference; lastKnownFileType = sourcecode.swift; path = CategoryViewController.swift; sourceTree = "<group>"; };
		053EF27323C8A5A500C70062 /* Todoey.app */ = {isa = PBXFileReference; explicitFileType = wrapper.application; includeInIndex = 0; path = Todoey.app; sourceTree = BUILT_PRODUCTS_DIR; };
		053EF27623C8A5A500C70062 /* AppDelegate.swift */ = {isa = PBXFileReference; lastKnownFileType = sourcecode.swift; path = AppDelegate.swift; sourceTree = "<group>"; };
		053EF27823C8A5A500C70062 /* SceneDelegate.swift */ = {isa = PBXFileReference; lastKnownFileType = sourcecode.swift; path = SceneDelegate.swift; sourceTree = "<group>"; };
		053EF27D23C8A5A500C70062 /* Base */ = {isa = PBXFileReference; lastKnownFileType = file.storyboard; name = Base; path = Base.lproj/Main.storyboard; sourceTree = "<group>"; };
		053EF27F23C8A5A600C70062 /* Assets.xcassets */ = {isa = PBXFileReference; lastKnownFileType = folder.assetcatalog; path = Assets.xcassets; sourceTree = "<group>"; };
		053EF28223C8A5A600C70062 /* Base */ = {isa = PBXFileReference; lastKnownFileType = file.storyboard; name = Base; path = Base.lproj/LaunchScreen.storyboard; sourceTree = "<group>"; };
		053EF28423C8A5A600C70062 /* Info.plist */ = {isa = PBXFileReference; lastKnownFileType = text.plist.xml; path = Info.plist; sourceTree = "<group>"; };
		053EF28A23C8A99100C70062 /* TodoListViewController.swift */ = {isa = PBXFileReference; lastKnownFileType = sourcecode.swift; path = TodoListViewController.swift; sourceTree = "<group>"; };
		05527F5323D2DDB400D0BDCD /* DataModel.xcdatamodel */ = {isa = PBXFileReference; lastKnownFileType = wrapper.xcdatamodel; path = DataModel.xcdatamodel; sourceTree = "<group>"; };
		05ACE86F23D248BB001C8229 /* Item.swift */ = {isa = PBXFileReference; lastKnownFileType = sourcecode.swift; path = Item.swift; sourceTree = "<group>"; };
/* End PBXFileReference section */

/* Begin PBXFrameworksBuildPhase section */
		053EF27023C8A5A500C70062 /* Frameworks */ = {
			isa = PBXFrameworksBuildPhase;
			buildActionMask = 2147483647;
			files = (
			);
			runOnlyForDeploymentPostprocessing = 0;
		};
/* End PBXFrameworksBuildPhase section */

/* Begin PBXGroup section */
		053EF26A23C8A5A500C70062 = {
			isa = PBXGroup;
			children = (
				053EF27523C8A5A500C70062 /* Todoey */,
				053EF27423C8A5A500C70062 /* Products */,
			);
			sourceTree = "<group>";
		};
		053EF27423C8A5A500C70062 /* Products */ = {
			isa = PBXGroup;
			children = (
				053EF27323C8A5A500C70062 /* Todoey.app */,
			);
			name = Products;
			sourceTree = "<group>";
		};
		053EF27523C8A5A500C70062 /* Todoey */ = {
			isa = PBXGroup;
			children = (
				053EF27623C8A5A500C70062 /* AppDelegate.swift */,
				053EF27823C8A5A500C70062 /* SceneDelegate.swift */,
				05ACE87323D24906001C8229 /* Views */,
				05ACE87123D248D0001C8229 /* Model */,
				05ACE87223D248EA001C8229 /* Controllers */,
				05ACE87423D24929001C8229 /* Supporting Files */,
				053EF28423C8A5A600C70062 /* Info.plist */,
			);
			path = Todoey;
			sourceTree = "<group>";
		};
		05ACE87123D248D0001C8229 /* Model */ = {
			isa = PBXGroup;
			children = (
				05ACE86F23D248BB001C8229 /* Item.swift */,
				05527F5223D2DDB400D0BDCD /* DataModel.xcdatamodeld */,
			);
			path = Model;
			sourceTree = "<group>";
		};
		05ACE87223D248EA001C8229 /* Controllers */ = {
			isa = PBXGroup;
			children = (
				0530ADA123D3918E00AB6314 /* CategoryViewController.swift */,
				053EF28A23C8A99100C70062 /* TodoListViewController.swift */,
			);
			path = Controllers;
			sourceTree = "<group>";
		};
		05ACE87323D24906001C8229 /* Views */ = {
			isa = PBXGroup;
			children = (
				053EF27C23C8A5A500C70062 /* Main.storyboard */,
			);
			path = Views;
			sourceTree = "<group>";
		};
		05ACE87423D24929001C8229 /* Supporting Files */ = {
			isa = PBXGroup;
			children = (
				053EF27F23C8A5A600C70062 /* Assets.xcassets */,
				053EF28123C8A5A600C70062 /* LaunchScreen.storyboard */,
			);
			path = "Supporting Files";
			sourceTree = "<group>";
		};
/* End PBXGroup section */

/* Begin PBXNativeTarget section */
		053EF27223C8A5A500C70062 /* Todoey */ = {
			isa = PBXNativeTarget;
			buildConfigurationList = 053EF28723C8A5A600C70062 /* Build configuration list for PBXNativeTarget "Todoey" */;
			buildPhases = (
				053EF26F23C8A5A500C70062 /* Sources */,
				053EF27023C8A5A500C70062 /* Frameworks */,
				053EF27123C8A5A500C70062 /* Resources */,
			);
			buildRules = (
			);
			dependencies = (
			);
			name = Todoey;
			productName = Todoey;
			productReference = 053EF27323C8A5A500C70062 /* Todoey.app */;
			productType = "com.apple.product-type.application";
		};
/* End PBXNativeTarget section */

/* Begin PBXProject section */
		053EF26B23C8A5A500C70062 /* Project object */ = {
			isa = PBXProject;
			attributes = {
				LastSwiftUpdateCheck = 1120;
				LastUpgradeCheck = 1120;
				ORGANIZATIONNAME = "SOL MAC 15";
				TargetAttributes = {
					053EF27223C8A5A500C70062 = {
						CreatedOnToolsVersion = 11.2.1;
					};
				};
			};
			buildConfigurationList = 053EF26E23C8A5A500C70062 /* Build configuration list for PBXProject "Todoey" */;
			compatibilityVersion = "Xcode 9.3";
			developmentRegion = en;
			hasScannedForEncodings = 0;
			knownRegions = (
				en,
				Base,
			);
			mainGroup = 053EF26A23C8A5A500C70062;
			productRefGroup = 053EF27423C8A5A500C70062 /* Products */;
			projectDirPath = "";
			projectRoot = "";
			targets = (
				053EF27223C8A5A500C70062 /* Todoey */,
			);
		};
/* End PBXProject section */

/* Begin PBXResourcesBuildPhase section */
		053EF27123C8A5A500C70062 /* Resources */ = {
			isa = PBXResourcesBuildPhase;
			buildActionMask = 2147483647;
			files = (
				053EF28323C8A5A600C70062 /* LaunchScreen.storyboard in Resources */,
				053EF28023C8A5A600C70062 /* Assets.xcassets in Resources */,
				053EF27E23C8A5A500C70062 /* Main.storyboard in Resources */,
			);
			runOnlyForDeploymentPostprocessing = 0;
		};
/* End PBXResourcesBuildPhase section */

/* Begin PBXSourcesBuildPhase section */
		053EF26F23C8A5A500C70062 /* Sources */ = {
			isa = PBXSourcesBuildPhase;
			buildActionMask = 2147483647;
			files = (
				05ACE87023D248BB001C8229 /* Item.swift in Sources */,
				05527F5423D2DDB400D0BDCD /* DataModel.xcdatamodeld in Sources */,
				053EF28B23C8A99100C70062 /* TodoListViewController.swift in Sources */,
				053EF27723C8A5A500C70062 /* AppDelegate.swift in Sources */,
				0530ADA223D3918E00AB6314 /* CategoryViewController.swift in Sources */,
				053EF27923C8A5A500C70062 /* SceneDelegate.swift in Sources */,
			);
			runOnlyForDeploymentPostprocessing = 0;
		};
/* End PBXSourcesBuildPhase section */

/* Begin PBXVariantGroup section */
		053EF27C23C8A5A500C70062 /* Main.storyboard */ = {
			isa = PBXVariantGroup;
			children = (
				053EF27D23C8A5A500C70062 /* Base */,
			);
			name = Main.storyboard;
			sourceTree = "<group>";
		};
		053EF28123C8A5A600C70062 /* LaunchScreen.storyboard */ = {
			isa = PBXVariantGroup;
			children = (
				053EF28223C8A5A600C70062 /* Base */,
			);
			name = LaunchScreen.storyboard;
			sourceTree = "<group>";
		};
/* End PBXVariantGroup section */

/* Begin XCBuildConfiguration section */
		053EF28523C8A5A600C70062 /* Debug */ = {
			isa = XCBuildConfiguration;
			buildSettings = {
				ALWAYS_SEARCH_USER_PATHS = NO;
				CLANG_ANALYZER_NONNULL = YES;
				CLANG_ANALYZER_NUMBER_OBJECT_CONVERSION = YES_AGGRESSIVE;
				CLANG_CXX_LANGUAGE_STANDARD = "gnu++14";
				CLANG_CXX_LIBRARY = "libc++";
				CLANG_ENABLE_MODULES = YES;
				CLANG_ENABLE_OBJC_ARC = YES;
				CLANG_ENABLE_OBJC_WEAK = YES;
				CLANG_WARN_BLOCK_CAPTURE_AUTORELEASING = YES;
				CLANG_WARN_BOOL_CONVERSION = YES;
				CLANG_WARN_COMMA = YES;
				CLANG_WARN_CONSTANT_CONVERSION = YES;
				CLANG_WARN_DEPRECATED_OBJC_IMPLEMENTATIONS = YES;
				CLANG_WARN_DIRECT_OBJC_ISA_USAGE = YES_ERROR;
				CLANG_WARN_DOCUMENTATION_COMMENTS = YES;
				CLANG_WARN_EMPTY_BODY = YES;
				CLANG_WARN_ENUM_CONVERSION = YES;
				CLANG_WARN_INFINITE_RECURSION = YES;
				CLANG_WARN_INT_CONVERSION = YES;
				CLANG_WARN_NON_LITERAL_NULL_CONVERSION = YES;
				CLANG_WARN_OBJC_IMPLICIT_RETAIN_SELF = YES;
				CLANG_WARN_OBJC_LITERAL_CONVERSION = YES;
				CLANG_WARN_OBJC_ROOT_CLASS = YES_ERROR;
				CLANG_WARN_RANGE_LOOP_ANALYSIS = YES;
				CLANG_WARN_STRICT_PROTOTYPES = YES;
				CLANG_WARN_SUSPICIOUS_MOVE = YES;
				CLANG_WARN_UNGUARDED_AVAILABILITY = YES_AGGRESSIVE;
				CLANG_WARN_UNREACHABLE_CODE = YES;
				CLANG_WARN__DUPLICATE_METHOD_MATCH = YES;
				COPY_PHASE_STRIP = NO;
				DEBUG_INFORMATION_FORMAT = dwarf;
				ENABLE_STRICT_OBJC_MSGSEND = YES;
				ENABLE_TESTABILITY = YES;
				GCC_C_LANGUAGE_STANDARD = gnu11;
				GCC_DYNAMIC_NO_PIC = NO;
				GCC_NO_COMMON_BLOCKS = YES;
				GCC_OPTIMIZATION_LEVEL = 0;
				GCC_PREPROCESSOR_DEFINITIONS = (
					"DEBUG=1",
					"$(inherited)",
				);
				GCC_WARN_64_TO_32_BIT_CONVERSION = YES;
				GCC_WARN_ABOUT_RETURN_TYPE = YES_ERROR;
				GCC_WARN_UNDECLARED_SELECTOR = YES;
				GCC_WARN_UNINITIALIZED_AUTOS = YES_AGGRESSIVE;
				GCC_WARN_UNUSED_FUNCTION = YES;
				GCC_WARN_UNUSED_VARIABLE = YES;
				IPHONEOS_DEPLOYMENT_TARGET = 13.2;
				MTL_ENABLE_DEBUG_INFO = INCLUDE_SOURCE;
				MTL_FAST_MATH = YES;
				ONLY_ACTIVE_ARCH = YES;
				SDKROOT = iphoneos;
				SWIFT_ACTIVE_COMPILATION_CONDITIONS = DEBUG;
				SWIFT_OPTIMIZATION_LEVEL = "-Onone";
			};
			name = Debug;
		};
		053EF28623C8A5A600C70062 /* Release */ = {
			isa = XCBuildConfiguration;
			buildSettings = {
				ALWAYS_SEARCH_USER_PATHS = NO;
				CLANG_ANALYZER_NONNULL = YES;
				CLANG_ANALYZER_NUMBER_OBJECT_CONVERSION = YES_AGGRESSIVE;
				CLANG_CXX_LANGUAGE_STANDARD = "gnu++14";
				CLANG_CXX_LIBRARY = "libc++";
				CLANG_ENABLE_MODULES = YES;
				CLANG_ENABLE_OBJC_ARC = YES;
				CLANG_ENABLE_OBJC_WEAK = YES;
				CLANG_WARN_BLOCK_CAPTURE_AUTORELEASING = YES;
				CLANG_WARN_BOOL_CONVERSION = YES;
				CLANG_WARN_COMMA = YES;
				CLANG_WARN_CONSTANT_CONVERSION = YES;
				CLANG_WARN_DEPRECATED_OBJC_IMPLEMENTATIONS = YES;
				CLANG_WARN_DIRECT_OBJC_ISA_USAGE = YES_ERROR;
				CLANG_WARN_DOCUMENTATION_COMMENTS = YES;
				CLANG_WARN_EMPTY_BODY = YES;
				CLANG_WARN_ENUM_CONVERSION = YES;
				CLANG_WARN_INFINITE_RECURSION = YES;
				CLANG_WARN_INT_CONVERSION = YES;
				CLANG_WARN_NON_LITERAL_NULL_CONVERSION = YES;
				CLANG_WARN_OBJC_IMPLICIT_RETAIN_SELF = YES;
				CLANG_WARN_OBJC_LITERAL_CONVERSION = YES;
				CLANG_WARN_OBJC_ROOT_CLASS = YES_ERROR;
				CLANG_WARN_RANGE_LOOP_ANALYSIS = YES;
				CLANG_WARN_STRICT_PROTOTYPES = YES;
				CLANG_WARN_SUSPICIOUS_MOVE = YES;
				CLANG_WARN_UNGUARDED_AVAILABILITY = YES_AGGRESSIVE;
				CLANG_WARN_UNREACHABLE_CODE = YES;
				CLANG_WARN__DUPLICATE_METHOD_MATCH = YES;
				COPY_PHASE_STRIP = NO;
				DEBUG_INFORMATION_FORMAT = "dwarf-with-dsym";
				ENABLE_NS_ASSERTIONS = NO;
				ENABLE_STRICT_OBJC_MSGSEND = YES;
				GCC_C_LANGUAGE_STANDARD = gnu11;
				GCC_NO_COMMON_BLOCKS = YES;
				GCC_WARN_64_TO_32_BIT_CONVERSION = YES;
				GCC_WARN_ABOUT_RETURN_TYPE = YES_ERROR;
				GCC_WARN_UNDECLARED_SELECTOR = YES;
				GCC_WARN_UNINITIALIZED_AUTOS = YES_AGGRESSIVE;
				GCC_WARN_UNUSED_FUNCTION = YES;
				GCC_WARN_UNUSED_VARIABLE = YES;
				IPHONEOS_DEPLOYMENT_TARGET = 13.2;
				MTL_ENABLE_DEBUG_INFO = NO;
				MTL_FAST_MATH = YES;
				SDKROOT = iphoneos;
				SWIFT_COMPILATION_MODE = wholemodule;
				SWIFT_OPTIMIZATION_LEVEL = "-O";
				VALIDATE_PRODUCT = YES;
			};
			name = Release;
		};
		053EF28823C8A5A600C70062 /* Debug */ = {
			isa = XCBuildConfiguration;
			buildSettings = {
				ASSETCATALOG_COMPILER_APPICON_NAME = AppIcon;
				CODE_SIGN_STYLE = Automatic;
				INFOPLIST_FILE = Todoey/Info.plist;
				LD_RUNPATH_SEARCH_PATHS = (
					"$(inherited)",
					"@executable_path/Frameworks",
				);
				PRODUCT_BUNDLE_IDENTIFIER = com.siliconorchard.Todoey;
				PRODUCT_NAME = "$(TARGET_NAME)";
				SWIFT_VERSION = 5.0;
				TARGETED_DEVICE_FAMILY = "1,2";
			};
			name = Debug;
		};
		053EF28923C8A5A600C70062 /* Release */ = {
			isa = XCBuildConfiguration;
			buildSettings = {
				ASSETCATALOG_COMPILER_APPICON_NAME = AppIcon;
				CODE_SIGN_STYLE = Automatic;
				INFOPLIST_FILE = Todoey/Info.plist;
				LD_RUNPATH_SEARCH_PATHS = (
					"$(inherited)",
					"@executable_path/Frameworks",
				);
				PRODUCT_BUNDLE_IDENTIFIER = com.siliconorchard.Todoey;
				PRODUCT_NAME = "$(TARGET_NAME)";
				SWIFT_VERSION = 5.0;
				TARGETED_DEVICE_FAMILY = "1,2";
			};
			name = Release;
		};
/* End XCBuildConfiguration section */

/* Begin XCConfigurationList section */
		053EF26E23C8A5A500C70062 /* Build configuration list for PBXProject "Todoey" */ = {
			isa = XCConfigurationList;
			buildConfigurations = (
				053EF28523C8A5A600C70062 /* Debug */,
				053EF28623C8A5A600C70062 /* Release */,
			);
			defaultConfigurationIsVisible = 0;
			defaultConfigurationName = Release;
		};
		053EF28723C8A5A600C70062 /* Build configuration list for PBXNativeTarget "Todoey" */ = {
			isa = XCConfigurationList;
			buildConfigurations = (
				053EF28823C8A5A600C70062 /* Debug */,
				053EF28923C8A5A600C70062 /* Release */,
			);
			defaultConfigurationIsVisible = 0;
			defaultConfigurationName = Release;
		};
/* End XCConfigurationList section */

/* Begin XCVersionGroup section */
		05527F5223D2DDB400D0BDCD /* DataModel.xcdatamodeld */ = {
			isa = XCVersionGroup;
			children = (
				05527F5323D2DDB400D0BDCD /* DataModel.xcdatamodel */,
			);
			currentVersion = 05527F5323D2DDB400D0BDCD /* DataModel.xcdatamodel */;
			path = DataModel.xcdatamodeld;
			sourceTree = "<group>";
			versionGroupType = wrapper.xcdatamodel;
		};
/* End XCVersionGroup section */
	};
	rootObject = 053EF26B23C8A5A500C70062 /* Project object */;
}
