// !$*UTF8*$!
{
	archiveVersion = 1;
	classes = {
	};
	objectVersion = 50;
	objects = {

/* Begin PBXBuildFile section */
		3F7C895722C1CF0200FD9AC3 /* Cat.swift in Sources */ = {isa = PBXBuildFile; fileRef = 3F7C895622C1CF0200FD9AC3 /* Cat.swift */; };
		3FF47EA222C0E400004D9019 /* AppDelegate.swift in Sources */ = {isa = PBXBuildFile; fileRef = 3FF47EA122C0E400004D9019 /* AppDelegate.swift */; };
		3FF47EA422C0E400004D9019 /* ViewController.swift in Sources */ = {isa = PBXBuildFile; fileRef = 3FF47EA322C0E400004D9019 /* ViewController.swift */; };
		3FF47EA722C0E400004D9019 /* Main.storyboard in Resources */ = {isa = PBXBuildFile; fileRef = 3FF47EA522C0E400004D9019 /* Main.storyboard */; };
		3FF47EA922C0E402004D9019 /* Assets.xcassets in Resources */ = {isa = PBXBuildFile; fileRef = 3FF47EA822C0E402004D9019 /* Assets.xcassets */; };
		3FF47EAC22C0E402004D9019 /* LaunchScreen.storyboard in Resources */ = {isa = PBXBuildFile; fileRef = 3FF47EAA22C0E402004D9019 /* LaunchScreen.storyboard */; };
		B3B8740DE0918A9C343FD11A /* Pods_RealminSwift.framework in Frameworks */ = {isa = PBXBuildFile; fileRef = 28B2628A2E6CA1F86F3A2B2C /* Pods_RealminSwift.framework */; };
/* End PBXBuildFile section */

/* Begin PBXFileReference section */
		259324322007A08918859391 /* Pods-RealminSwift.release.xcconfig */ = {isa = PBXFileReference; includeInIndex = 1; lastKnownFileType = text.xcconfig; name = "Pods-RealminSwift.release.xcconfig"; path = "Target Support Files/Pods-RealminSwift/Pods-RealminSwift.release.xcconfig"; sourceTree = "<group>"; };
		28B2628A2E6CA1F86F3A2B2C /* Pods_RealminSwift.framework */ = {isa = PBXFileReference; explicitFileType = wrapper.framework; includeInIndex = 0; path = Pods_RealminSwift.framework; sourceTree = BUILT_PRODUCTS_DIR; };
		3F7C895622C1CF0200FD9AC3 /* Cat.swift */ = {isa = PBXFileReference; lastKnownFileType = sourcecode.swift; path = Cat.swift; sourceTree = "<group>"; };
		3FF47E9E22C0E400004D9019 /* RealminSwift.app */ = {isa = PBXFileReference; explicitFileType = wrapper.application; includeInIndex = 0; path = RealminSwift.app; sourceTree = BUILT_PRODUCTS_DIR; };
		3FF47EA122C0E400004D9019 /* AppDelegate.swift */ = {isa = PBXFileReference; lastKnownFileType = sourcecode.swift; path = AppDelegate.swift; sourceTree = "<group>"; };
		3FF47EA322C0E400004D9019 /* ViewController.swift */ = {isa = PBXFileReference; lastKnownFileType = sourcecode.swift; path = ViewController.swift; sourceTree = "<group>"; };
		3FF47EA622C0E400004D9019 /* Base */ = {isa = PBXFileReference; lastKnownFileType = file.storyboard; name = Base; path = Base.lproj/Main.storyboard; sourceTree = "<group>"; };
		3FF47EA822C0E402004D9019 /* Assets.xcassets */ = {isa = PBXFileReference; lastKnownFileType = folder.assetcatalog; path = Assets.xcassets; sourceTree = "<group>"; };
		3FF47EAB22C0E402004D9019 /* Base */ = {isa = PBXFileReference; lastKnownFileType = file.storyboard; name = Base; path = Base.lproj/LaunchScreen.storyboard; sourceTree = "<group>"; };
		3FF47EAD22C0E402004D9019 /* Info.plist */ = {isa = PBXFileReference; lastKnownFileType = text.plist.xml; path = Info.plist; sourceTree = "<group>"; };
		C9093156694D7CD001CBDF19 /* Pods-RealminSwift.debug.xcconfig */ = {isa = PBXFileReference; includeInIndex = 1; lastKnownFileType = text.xcconfig; name = "Pods-RealminSwift.debug.xcconfig"; path = "Target Support Files/Pods-RealminSwift/Pods-RealminSwift.debug.xcconfig"; sourceTree = "<group>"; };
/* End PBXFileReference section */

/* Begin PBXFrameworksBuildPhase section */
		3FF47E9B22C0E400004D9019 /* Frameworks */ = {
			isa = PBXFrameworksBuildPhase;
			buildActionMask = 2147483647;
			files = (
				B3B8740DE0918A9C343FD11A /* Pods_RealminSwift.framework in Frameworks */,
			);
			runOnlyForDeploymentPostprocessing = 0;
		};
/* End PBXFrameworksBuildPhase section */

/* Begin PBXGroup section */
		3FF47E9522C0E400004D9019 = {
			isa = PBXGroup;
			children = (
				3FF47EA022C0E400004D9019 /* RealminSwift */,
				3FF47E9F22C0E400004D9019 /* Products */,
				F988499EECD82DDA3604EBAF /* Pods */,
				B1A410C9E27B0BC655A065A7 /* Frameworks */,
			);
			sourceTree = "<group>";
		};
		3FF47E9F22C0E400004D9019 /* Products */ = {
			isa = PBXGroup;
			children = (
				3FF47E9E22C0E400004D9019 /* RealminSwift.app */,
			);
			name = Products;
			sourceTree = "<group>";
		};
		3FF47EA022C0E400004D9019 /* RealminSwift */ = {
			isa = PBXGroup;
			children = (
				3FF47EA122C0E400004D9019 /* AppDelegate.swift */,
				3FF47EA322C0E400004D9019 /* ViewController.swift */,
				3FF47EA522C0E400004D9019 /* Main.storyboard */,
				3FF47EA822C0E402004D9019 /* Assets.xcassets */,
				3FF47EAA22C0E402004D9019 /* LaunchScreen.storyboard */,
				3FF47EAD22C0E402004D9019 /* Info.plist */,
				3F7C895622C1CF0200FD9AC3 /* Cat.swift */,
			);
			path = RealminSwift;
			sourceTree = "<group>";
		};
		B1A410C9E27B0BC655A065A7 /* Frameworks */ = {
			isa = PBXGroup;
			children = (
				28B2628A2E6CA1F86F3A2B2C /* Pods_RealminSwift.framework */,
			);
			name = Frameworks;
			sourceTree = "<group>";
		};
		F988499EECD82DDA3604EBAF /* Pods */ = {
			isa = PBXGroup;
			children = (
				C9093156694D7CD001CBDF19 /* Pods-RealminSwift.debug.xcconfig */,
				259324322007A08918859391 /* Pods-RealminSwift.release.xcconfig */,
			);
			path = Pods;
			sourceTree = "<group>";
		};
/* End PBXGroup section */

/* Begin PBXNativeTarget section */
		3FF47E9D22C0E400004D9019 /* RealminSwift */ = {
			isa = PBXNativeTarget;
			buildConfigurationList = 3FF47EB022C0E402004D9019 /* Build configuration list for PBXNativeTarget "RealminSwift" */;
			buildPhases = (
				CDE28D2FD4473DC4D1FB3EAE /* [CP] Check Pods Manifest.lock */,
				3FF47E9A22C0E400004D9019 /* Sources */,
				3FF47E9B22C0E400004D9019 /* Frameworks */,
				3FF47E9C22C0E400004D9019 /* Resources */,
				4BD76171C2F3C372FA98E8A8 /* [CP] Embed Pods Frameworks */,
			);
			buildRules = (
			);
			dependencies = (
			);
			name = RealminSwift;
			productName = RealminSwift;
			productReference = 3FF47E9E22C0E400004D9019 /* RealminSwift.app */;
			productType = "com.apple.product-type.application";
		};
/* End PBXNativeTarget section */

/* Begin PBXProject section */
		3FF47E9622C0E400004D9019 /* Project object */ = {
			isa = PBXProject;
			attributes = {
				LastSwiftUpdateCheck = 1020;
				LastUpgradeCheck = 1020;
				ORGANIZATIONNAME = com.arif;
				TargetAttributes = {
					3FF47E9D22C0E400004D9019 = {
						CreatedOnToolsVersion = 10.2;
					};
				};
			};
			buildConfigurationList = 3FF47E9922C0E400004D9019 /* Build configuration list for PBXProject "RealminSwift" */;
			compatibilityVersion = "Xcode 9.3";
			developmentRegion = en;
			hasScannedForEncodings = 0;
			knownRegions = (
				en,
				Base,
			);
			mainGroup = 3FF47E9522C0E400004D9019;
			productRefGroup = 3FF47E9F22C0E400004D9019 /* Products */;
			projectDirPath = "";
			projectRoot = "";
			targets = (
				3FF47E9D22C0E400004D9019 /* RealminSwift */,
			);
		};
/* End PBXProject section */

/* Begin PBXResourcesBuildPhase section */
		3FF47E9C22C0E400004D9019 /* Resources */ = {
			isa = PBXResourcesBuildPhase;
			buildActionMask = 2147483647;
			files = (
				3FF47EAC22C0E402004D9019 /* LaunchScreen.storyboard in Resources */,
				3FF47EA922C0E402004D9019 /* Assets.xcassets in Resources */,
				3FF47EA722C0E400004D9019 /* Main.storyboard in Resources */,
			);
			runOnlyForDeploymentPostprocessing = 0;
		};
/* End PBXResourcesBuildPhase section */

/* Begin PBXShellScriptBuildPhase section */
		4BD76171C2F3C372FA98E8A8 /* [CP] Embed Pods Frameworks */ = {
			isa = PBXShellScriptBuildPhase;
			buildActionMask = 2147483647;
			files = (
			);
			inputFileListPaths = (
			);
			inputPaths = (
				"${PODS_ROOT}/Target Support Files/Pods-RealminSwift/Pods-RealminSwift-frameworks.sh",
				"${BUILT_PRODUCTS_DIR}/Realm/Realm.framework",
				"${BUILT_PRODUCTS_DIR}/RealmSwift/RealmSwift.framework",
			);
			name = "[CP] Embed Pods Frameworks";
			outputFileListPaths = (
			);
			outputPaths = (
				"${TARGET_BUILD_DIR}/${FRAMEWORKS_FOLDER_PATH}/Realm.framework",
				"${TARGET_BUILD_DIR}/${FRAMEWORKS_FOLDER_PATH}/RealmSwift.framework",
			);
			runOnlyForDeploymentPostprocessing = 0;
			shellPath = /bin/sh;
			shellScript = "\"${PODS_ROOT}/Target Support Files/Pods-RealminSwift/Pods-RealminSwift-frameworks.sh\"\n";
			showEnvVarsInLog = 0;
		};
		CDE28D2FD4473DC4D1FB3EAE /* [CP] Check Pods Manifest.lock */ = {
			isa = PBXShellScriptBuildPhase;
			buildActionMask = 2147483647;
			files = (
			);
			inputFileListPaths = (
			);
			inputPaths = (
				"${PODS_PODFILE_DIR_PATH}/Podfile.lock",
				"${PODS_ROOT}/Manifest.lock",
			);
			name = "[CP] Check Pods Manifest.lock";
			outputFileListPaths = (
			);
			outputPaths = (
				"$(DERIVED_FILE_DIR)/Pods-RealminSwift-checkManifestLockResult.txt",
			);
			runOnlyForDeploymentPostprocessing = 0;
			shellPath = /bin/sh;
			shellScript = "diff \"${PODS_PODFILE_DIR_PATH}/Podfile.lock\" \"${PODS_ROOT}/Manifest.lock\" > /dev/null\nif [ $? != 0 ] ; then\n    # print error to STDERR\n    echo \"error: The sandbox is not in sync with the Podfile.lock. Run 'pod install' or update your CocoaPods installation.\" >&2\n    exit 1\nfi\n# This output is used by Xcode 'outputs' to avoid re-running this script phase.\necho \"SUCCESS\" > \"${SCRIPT_OUTPUT_FILE_0}\"\n";
			showEnvVarsInLog = 0;
		};
/* End PBXShellScriptBuildPhase section */

/* Begin PBXSourcesBuildPhase section */
		3FF47E9A22C0E400004D9019 /* Sources */ = {
			isa = PBXSourcesBuildPhase;
			buildActionMask = 2147483647;
			files = (
				3FF47EA422C0E400004D9019 /* ViewController.swift in Sources */,
				3FF47EA222C0E400004D9019 /* AppDelegate.swift in Sources */,
				3F7C895722C1CF0200FD9AC3 /* Cat.swift in Sources */,
			);
			runOnlyForDeploymentPostprocessing = 0;
		};
/* End PBXSourcesBuildPhase section */

/* Begin PBXVariantGroup section */
		3FF47EA522C0E400004D9019 /* Main.storyboard */ = {
			isa = PBXVariantGroup;
			children = (
				3FF47EA622C0E400004D9019 /* Base */,
			);
			name = Main.storyboard;
			sourceTree = "<group>";
		};
		3FF47EAA22C0E402004D9019 /* LaunchScreen.storyboard */ = {
			isa = PBXVariantGroup;
			children = (
				3FF47EAB22C0E402004D9019 /* Base */,
			);
			name = LaunchScreen.storyboard;
			sourceTree = "<group>";
		};
/* End PBXVariantGroup section */

/* Begin XCBuildConfiguration section */
		3FF47EAE22C0E402004D9019 /* Debug */ = {
			isa = XCBuildConfiguration;
			buildSettings = {
				ALWAYS_SEARCH_USER_PATHS = NO;
				CLANG_ANALYZER_NONNULL = YES;
				CLANG_ANALYZER_NUMBER_OBJECT_CONVERSION = YES_AGGRESSIVE;
				CLANG_CXX_LANGUAGE_STANDARD = "gnu++14";
				CLANG_CXX_LIBRARY = "libc++";
				CLANG_ENABLE_MODULES = YES;
				CLANG_ENABLE_OBJC_ARC = YES;
				CLANG_ENABLE_OBJC_WEAK = YES;
				CLANG_WARN_BLOCK_CAPTURE_AUTORELEASING = YES;
				CLANG_WARN_BOOL_CONVERSION = YES;
				CLANG_WARN_COMMA = YES;
				CLANG_WARN_CONSTANT_CONVERSION = YES;
				CLANG_WARN_DEPRECATED_OBJC_IMPLEMENTATIONS = YES;
				CLANG_WARN_DIRECT_OBJC_ISA_USAGE = YES_ERROR;
				CLANG_WARN_DOCUMENTATION_COMMENTS = YES;
				CLANG_WARN_EMPTY_BODY = YES;
				CLANG_WARN_ENUM_CONVERSION = YES;
				CLANG_WARN_INFINITE_RECURSION = YES;
				CLANG_WARN_INT_CONVERSION = YES;
				CLANG_WARN_NON_LITERAL_NULL_CONVERSION = YES;
				CLANG_WARN_OBJC_IMPLICIT_RETAIN_SELF = YES;
				CLANG_WARN_OBJC_LITERAL_CONVERSION = YES;
				CLANG_WARN_OBJC_ROOT_CLASS = YES_ERROR;
				CLANG_WARN_RANGE_LOOP_ANALYSIS = YES;
				CLANG_WARN_STRICT_PROTOTYPES = YES;
				CLANG_WARN_SUSPICIOUS_MOVE = YES;
				CLANG_WARN_UNGUARDED_AVAILABILITY = YES_AGGRESSIVE;
				CLANG_WARN_UNREACHABLE_CODE = YES;
				CLANG_WARN__DUPLICATE_METHOD_MATCH = YES;
				CODE_SIGN_IDENTITY = "iPhone Developer";
				COPY_PHASE_STRIP = NO;
				DEBUG_INFORMATION_FORMAT = dwarf;
				ENABLE_STRICT_OBJC_MSGSEND = YES;
				ENABLE_TESTABILITY = YES;
				GCC_C_LANGUAGE_STANDARD = gnu11;
				GCC_DYNAMIC_NO_PIC = NO;
				GCC_NO_COMMON_BLOCKS = YES;
				GCC_OPTIMIZATION_LEVEL = 0;
				GCC_PREPROCESSOR_DEFINITIONS = (
					"DEBUG=1",
					"$(inherited)",
				);
				GCC_WARN_64_TO_32_BIT_CONVERSION = YES;
				GCC_WARN_ABOUT_RETURN_TYPE = YES_ERROR;
				GCC_WARN_UNDECLARED_SELECTOR = YES;
				GCC_WARN_UNINITIALIZED_AUTOS = YES_AGGRESSIVE;
				GCC_WARN_UNUSED_FUNCTION = YES;
				GCC_WARN_UNUSED_VARIABLE = YES;
				IPHONEOS_DEPLOYMENT_TARGET = 12.2;
				MTL_ENABLE_DEBUG_INFO = INCLUDE_SOURCE;
				MTL_FAST_MATH = YES;
				ONLY_ACTIVE_ARCH = YES;
				SDKROOT = iphoneos;
				SWIFT_ACTIVE_COMPILATION_CONDITIONS = DEBUG;
				SWIFT_OPTIMIZATION_LEVEL = "-Onone";
			};
			name = Debug;
		};
		3FF47EAF22C0E402004D9019 /* Release */ = {
			isa = XCBuildConfiguration;
			buildSettings = {
				ALWAYS_SEARCH_USER_PATHS = NO;
				CLANG_ANALYZER_NONNULL = YES;
				CLANG_ANALYZER_NUMBER_OBJECT_CONVERSION = YES_AGGRESSIVE;
				CLANG_CXX_LANGUAGE_STANDARD = "gnu++14";
				CLANG_CXX_LIBRARY = "libc++";
				CLANG_ENABLE_MODULES = YES;
				CLANG_ENABLE_OBJC_ARC = YES;
				CLANG_ENABLE_OBJC_WEAK = YES;
				CLANG_WARN_BLOCK_CAPTURE_AUTORELEASING = YES;
				CLANG_WARN_BOOL_CONVERSION = YES;
				CLANG_WARN_COMMA = YES;
				CLANG_WARN_CONSTANT_CONVERSION = YES;
				CLANG_WARN_DEPRECATED_OBJC_IMPLEMENTATIONS = YES;
				CLANG_WARN_DIRECT_OBJC_ISA_USAGE = YES_ERROR;
				CLANG_WARN_DOCUMENTATION_COMMENTS = YES;
				CLANG_WARN_EMPTY_BODY = YES;
				CLANG_WARN_ENUM_CONVERSION = YES;
				CLANG_WARN_INFINITE_RECURSION = YES;
				CLANG_WARN_INT_CONVERSION = YES;
				CLANG_WARN_NON_LITERAL_NULL_CONVERSION = YES;
				CLANG_WARN_OBJC_IMPLICIT_RETAIN_SELF = YES;
				CLANG_WARN_OBJC_LITERAL_CONVERSION = YES;
				CLANG_WARN_OBJC_ROOT_CLASS = YES_ERROR;
				CLANG_WARN_RANGE_LOOP_ANALYSIS = YES;
				CLANG_WARN_STRICT_PROTOTYPES = YES;
				CLANG_WARN_SUSPICIOUS_MOVE = YES;
				CLANG_WARN_UNGUARDED_AVAILABILITY = YES_AGGRESSIVE;
				CLANG_WARN_UNREACHABLE_CODE = YES;
				CLANG_WARN__DUPLICATE_METHOD_MATCH = YES;
				CODE_SIGN_IDENTITY = "iPhone Developer";
				COPY_PHASE_STRIP = NO;
				DEBUG_INFORMATION_FORMAT = "dwarf-with-dsym";
				ENABLE_NS_ASSERTIONS = NO;
				ENABLE_STRICT_OBJC_MSGSEND = YES;
				GCC_C_LANGUAGE_STANDARD = gnu11;
				GCC_NO_COMMON_BLOCKS = YES;
				GCC_WARN_64_TO_32_BIT_CONVERSION = YES;
				GCC_WARN_ABOUT_RETURN_TYPE = YES_ERROR;
				GCC_WARN_UNDECLARED_SELECTOR = YES;
				GCC_WARN_UNINITIALIZED_AUTOS = YES_AGGRESSIVE;
				GCC_WARN_UNUSED_FUNCTION = YES;
				GCC_WARN_UNUSED_VARIABLE = YES;
				IPHONEOS_DEPLOYMENT_TARGET = 12.2;
				MTL_ENABLE_DEBUG_INFO = NO;
				MTL_FAST_MATH = YES;
				SDKROOT = iphoneos;
				SWIFT_COMPILATION_MODE = wholemodule;
				SWIFT_OPTIMIZATION_LEVEL = "-O";
				VALIDATE_PRODUCT = YES;
			};
			name = Release;
		};
		3FF47EB122C0E402004D9019 /* Debug */ = {
			isa = XCBuildConfiguration;
			baseConfigurationReference = C9093156694D7CD001CBDF19 /* Pods-RealminSwift.debug.xcconfig */;
			buildSettings = {
				ASSETCATALOG_COMPILER_APPICON_NAME = AppIcon;
				CODE_SIGN_STYLE = Automatic;
				DEVELOPMENT_TEAM = CNL9R4PGZF;
				INFOPLIST_FILE = RealminSwift/Info.plist;
				LD_RUNPATH_SEARCH_PATHS = (
					"$(inherited)",
					"@executable_path/Frameworks",
				);
				PRODUCT_BUNDLE_IDENTIFIER = com.arif.RealminSwift;
				PRODUCT_NAME = "$(TARGET_NAME)";
				SWIFT_VERSION = 5.0;
				TARGETED_DEVICE_FAMILY = "1,2";
			};
			name = Debug;
		};
		3FF47EB222C0E402004D9019 /* Release */ = {
			isa = XCBuildConfiguration;
			baseConfigurationReference = 259324322007A08918859391 /* Pods-RealminSwift.release.xcconfig */;
			buildSettings = {
				ASSETCATALOG_COMPILER_APPICON_NAME = AppIcon;
				CODE_SIGN_STYLE = Automatic;
				DEVELOPMENT_TEAM = CNL9R4PGZF;
				INFOPLIST_FILE = RealminSwift/Info.plist;
				LD_RUNPATH_SEARCH_PATHS = (
					"$(inherited)",
					"@executable_path/Frameworks",
				);
				PRODUCT_BUNDLE_IDENTIFIER = com.arif.RealminSwift;
				PRODUCT_NAME = "$(TARGET_NAME)";
				SWIFT_VERSION = 5.0;
				TARGETED_DEVICE_FAMILY = "1,2";
			};
			name = Release;
		};
/* End XCBuildConfiguration section */

/* Begin XCConfigurationList section */
		3FF47E9922C0E400004D9019 /* Build configuration list for PBXProject "RealminSwift" */ = {
			isa = XCConfigurationList;
			buildConfigurations = (
				3FF47EAE22C0E402004D9019 /* Debug */,
				3FF47EAF22C0E402004D9019 /* Release */,
			);
			defaultConfigurationIsVisible = 0;
			defaultConfigurationName = Release;
		};
		3FF47EB022C0E402004D9019 /* Build configuration list for PBXNativeTarget "RealminSwift" */ = {
			isa = XCConfigurationList;
			buildConfigurations = (
				3FF47EB122C0E402004D9019 /* Debug */,
				3FF47EB222C0E402004D9019 /* Release */,
			);
			defaultConfigurationIsVisible = 0;
			defaultConfigurationName = Release;
		};
/* End XCConfigurationList section */
	};
	rootObject = 3FF47E9622C0E400004D9019 /* Project object */;
}
