// !$*UTF8*$!
{
	archiveVersion = 1;
	classes = {
	};
	objectVersion = 50;
	objects = {

/* Begin PBXBuildFile section */
		3FD9AF192244F157006F25FE /* AppDelegate.swift in Sources */ = {isa = PBXBuildFile; fileRef = 3FD9AF182244F157006F25FE /* AppDelegate.swift */; };
		3FD9AF1B2244F157006F25FE /* ViewController.swift in Sources */ = {isa = PBXBuildFile; fileRef = 3FD9AF1A2244F157006F25FE /* ViewController.swift */; };
		3FD9AF1E2244F157006F25FE /* Main.storyboard in Resources */ = {isa = PBXBuildFile; fileRef = 3FD9AF1C2244F157006F25FE /* Main.storyboard */; };
		3FD9AF202244F158006F25FE /* Assets.xcassets in Resources */ = {isa = PBXBuildFile; fileRef = 3FD9AF1F2244F158006F25FE /* Assets.xcassets */; };
		3FD9AF232244F158006F25FE /* LaunchScreen.storyboard in Resources */ = {isa = PBXBuildFile; fileRef = 3FD9AF212244F158006F25FE /* LaunchScreen.storyboard */; };
		69CED688BA8B449B3B2FE412 /* Pods_TestSegmentedControl.framework in Frameworks */ = {isa = PBXBuildFile; fileRef = 347677BEB29567FF77513D4B /* Pods_TestSegmentedControl.framework */; };
/* End PBXBuildFile section */

/* Begin PBXFileReference section */
		347677BEB29567FF77513D4B /* Pods_TestSegmentedControl.framework */ = {isa = PBXFileReference; explicitFileType = wrapper.framework; includeInIndex = 0; path = Pods_TestSegmentedControl.framework; sourceTree = BUILT_PRODUCTS_DIR; };
		3FD9AF152244F157006F25FE /* TestSegmentedControl.app */ = {isa = PBXFileReference; explicitFileType = wrapper.application; includeInIndex = 0; path = TestSegmentedControl.app; sourceTree = BUILT_PRODUCTS_DIR; };
		3FD9AF182244F157006F25FE /* AppDelegate.swift */ = {isa = PBXFileReference; lastKnownFileType = sourcecode.swift; path = AppDelegate.swift; sourceTree = "<group>"; };
		3FD9AF1A2244F157006F25FE /* ViewController.swift */ = {isa = PBXFileReference; lastKnownFileType = sourcecode.swift; path = ViewController.swift; sourceTree = "<group>"; };
		3FD9AF1D2244F157006F25FE /* Base */ = {isa = PBXFileReference; lastKnownFileType = file.storyboard; name = Base; path = Base.lproj/Main.storyboard; sourceTree = "<group>"; };
		3FD9AF1F2244F158006F25FE /* Assets.xcassets */ = {isa = PBXFileReference; lastKnownFileType = folder.assetcatalog; path = Assets.xcassets; sourceTree = "<group>"; };
		3FD9AF222244F158006F25FE /* Base */ = {isa = PBXFileReference; lastKnownFileType = file.storyboard; name = Base; path = Base.lproj/LaunchScreen.storyboard; sourceTree = "<group>"; };
		3FD9AF242244F158006F25FE /* Info.plist */ = {isa = PBXFileReference; lastKnownFileType = text.plist.xml; path = Info.plist; sourceTree = "<group>"; };
		4E14EDEBF71194CF45F146E9 /* Pods-TestSegmentedControl.release.xcconfig */ = {isa = PBXFileReference; includeInIndex = 1; lastKnownFileType = text.xcconfig; name = "Pods-TestSegmentedControl.release.xcconfig"; path = "Target Support Files/Pods-TestSegmentedControl/Pods-TestSegmentedControl.release.xcconfig"; sourceTree = "<group>"; };
		FB8EFC993F459E0865D18F5D /* Pods-TestSegmentedControl.debug.xcconfig */ = {isa = PBXFileReference; includeInIndex = 1; lastKnownFileType = text.xcconfig; name = "Pods-TestSegmentedControl.debug.xcconfig"; path = "Target Support Files/Pods-TestSegmentedControl/Pods-TestSegmentedControl.debug.xcconfig"; sourceTree = "<group>"; };
/* End PBXFileReference section */

/* Begin PBXFrameworksBuildPhase section */
		3FD9AF122244F157006F25FE /* Frameworks */ = {
			isa = PBXFrameworksBuildPhase;
			buildActionMask = 2147483647;
			files = (
				69CED688BA8B449B3B2FE412 /* Pods_TestSegmentedControl.framework in Frameworks */,
			);
			runOnlyForDeploymentPostprocessing = 0;
		};
/* End PBXFrameworksBuildPhase section */

/* Begin PBXGroup section */
		1CADDCEB636ACEEF8B8915E1 /* Frameworks */ = {
			isa = PBXGroup;
			children = (
				347677BEB29567FF77513D4B /* Pods_TestSegmentedControl.framework */,
			);
			name = Frameworks;
			sourceTree = "<group>";
		};
		363347086C092003777EE3F6 /* Pods */ = {
			isa = PBXGroup;
			children = (
				FB8EFC993F459E0865D18F5D /* Pods-TestSegmentedControl.debug.xcconfig */,
				4E14EDEBF71194CF45F146E9 /* Pods-TestSegmentedControl.release.xcconfig */,
			);
			name = Pods;
			path = Pods;
			sourceTree = "<group>";
		};
		3FD9AF0C2244F157006F25FE = {
			isa = PBXGroup;
			children = (
				3FD9AF172244F157006F25FE /* TestSegmentedControl */,
				3FD9AF162244F157006F25FE /* Products */,
				363347086C092003777EE3F6 /* Pods */,
				1CADDCEB636ACEEF8B8915E1 /* Frameworks */,
			);
			sourceTree = "<group>";
		};
		3FD9AF162244F157006F25FE /* Products */ = {
			isa = PBXGroup;
			children = (
				3FD9AF152244F157006F25FE /* TestSegmentedControl.app */,
			);
			name = Products;
			sourceTree = "<group>";
		};
		3FD9AF172244F157006F25FE /* TestSegmentedControl */ = {
			isa = PBXGroup;
			children = (
				3FD9AF182244F157006F25FE /* AppDelegate.swift */,
				3FD9AF1A2244F157006F25FE /* ViewController.swift */,
				3FD9AF1C2244F157006F25FE /* Main.storyboard */,
				3FD9AF1F2244F158006F25FE /* Assets.xcassets */,
				3FD9AF212244F158006F25FE /* LaunchScreen.storyboard */,
				3FD9AF242244F158006F25FE /* Info.plist */,
			);
			path = TestSegmentedControl;
			sourceTree = "<group>";
		};
/* End PBXGroup section */

/* Begin PBXNativeTarget section */
		3FD9AF142244F157006F25FE /* TestSegmentedControl */ = {
			isa = PBXNativeTarget;
			buildConfigurationList = 3FD9AF272244F158006F25FE /* Build configuration list for PBXNativeTarget "TestSegmentedControl" */;
			buildPhases = (
				723D1DD71A7C80BD37B4EC6F /* [CP] Check Pods Manifest.lock */,
				3FD9AF112244F157006F25FE /* Sources */,
				3FD9AF122244F157006F25FE /* Frameworks */,
				3FD9AF132244F157006F25FE /* Resources */,
				FAAFB5729E00DFC7F1155341 /* [CP] Embed Pods Frameworks */,
			);
			buildRules = (
			);
			dependencies = (
			);
			name = TestSegmentedControl;
			productName = TestSegmentedControl;
			productReference = 3FD9AF152244F157006F25FE /* TestSegmentedControl.app */;
			productType = "com.apple.product-type.application";
		};
/* End PBXNativeTarget section */

/* Begin PBXProject section */
		3FD9AF0D2244F157006F25FE /* Project object */ = {
			isa = PBXProject;
			attributes = {
				LastSwiftUpdateCheck = 1010;
				LastUpgradeCheck = 1010;
				ORGANIZATIONNAME = com.arif;
				TargetAttributes = {
					3FD9AF142244F157006F25FE = {
						CreatedOnToolsVersion = 10.1;
					};
				};
			};
			buildConfigurationList = 3FD9AF102244F157006F25FE /* Build configuration list for PBXProject "TestSegmentedControl" */;
			compatibilityVersion = "Xcode 9.3";
			developmentRegion = en;
			hasScannedForEncodings = 0;
			knownRegions = (
				en,
				Base,
			);
			mainGroup = 3FD9AF0C2244F157006F25FE;
			productRefGroup = 3FD9AF162244F157006F25FE /* Products */;
			projectDirPath = "";
			projectRoot = "";
			targets = (
				3FD9AF142244F157006F25FE /* TestSegmentedControl */,
			);
		};
/* End PBXProject section */

/* Begin PBXResourcesBuildPhase section */
		3FD9AF132244F157006F25FE /* Resources */ = {
			isa = PBXResourcesBuildPhase;
			buildActionMask = 2147483647;
			files = (
				3FD9AF232244F158006F25FE /* LaunchScreen.storyboard in Resources */,
				3FD9AF202244F158006F25FE /* Assets.xcassets in Resources */,
				3FD9AF1E2244F157006F25FE /* Main.storyboard in Resources */,
			);
			runOnlyForDeploymentPostprocessing = 0;
		};
/* End PBXResourcesBuildPhase section */

/* Begin PBXShellScriptBuildPhase section */
		723D1DD71A7C80BD37B4EC6F /* [CP] Check Pods Manifest.lock */ = {
			isa = PBXShellScriptBuildPhase;
			buildActionMask = 2147483647;
			files = (
			);
			inputFileListPaths = (
			);
			inputPaths = (
				"${PODS_PODFILE_DIR_PATH}/Podfile.lock",
				"${PODS_ROOT}/Manifest.lock",
			);
			name = "[CP] Check Pods Manifest.lock";
			outputFileListPaths = (
			);
			outputPaths = (
				"$(DERIVED_FILE_DIR)/Pods-TestSegmentedControl-checkManifestLockResult.txt",
			);
			runOnlyForDeploymentPostprocessing = 0;
			shellPath = /bin/sh;
			shellScript = "diff \"${PODS_PODFILE_DIR_PATH}/Podfile.lock\" \"${PODS_ROOT}/Manifest.lock\" > /dev/null\nif [ $? != 0 ] ; then\n    # print error to STDERR\n    echo \"error: The sandbox is not in sync with the Podfile.lock. Run 'pod install' or update your CocoaPods installation.\" >&2\n    exit 1\nfi\n# This output is used by Xcode 'outputs' to avoid re-running this script phase.\necho \"SUCCESS\" > \"${SCRIPT_OUTPUT_FILE_0}\"\n";
			showEnvVarsInLog = 0;
		};
		FAAFB5729E00DFC7F1155341 /* [CP] Embed Pods Frameworks */ = {
			isa = PBXShellScriptBuildPhase;
			buildActionMask = 2147483647;
			files = (
			);
			inputFileListPaths = (
			);
			inputPaths = (
				"${PODS_ROOT}/Target Support Files/Pods-TestSegmentedControl/Pods-TestSegmentedControl-frameworks.sh",
				"${BUILT_PRODUCTS_DIR}/TTSegmentedControl/TTSegmentedControl.framework",
			);
			name = "[CP] Embed Pods Frameworks";
			outputFileListPaths = (
			);
			outputPaths = (
				"${TARGET_BUILD_DIR}/${FRAMEWORKS_FOLDER_PATH}/TTSegmentedControl.framework",
			);
			runOnlyForDeploymentPostprocessing = 0;
			shellPath = /bin/sh;
			shellScript = "\"${PODS_ROOT}/Target Support Files/Pods-TestSegmentedControl/Pods-TestSegmentedControl-frameworks.sh\"\n";
			showEnvVarsInLog = 0;
		};
/* End PBXShellScriptBuildPhase section */

/* Begin PBXSourcesBuildPhase section */
		3FD9AF112244F157006F25FE /* Sources */ = {
			isa = PBXSourcesBuildPhase;
			buildActionMask = 2147483647;
			files = (
				3FD9AF1B2244F157006F25FE /* ViewController.swift in Sources */,
				3FD9AF192244F157006F25FE /* AppDelegate.swift in Sources */,
			);
			runOnlyForDeploymentPostprocessing = 0;
		};
/* End PBXSourcesBuildPhase section */

/* Begin PBXVariantGroup section */
		3FD9AF1C2244F157006F25FE /* Main.storyboard */ = {
			isa = PBXVariantGroup;
			children = (
				3FD9AF1D2244F157006F25FE /* Base */,
			);
			name = Main.storyboard;
			sourceTree = "<group>";
		};
		3FD9AF212244F158006F25FE /* LaunchScreen.storyboard */ = {
			isa = PBXVariantGroup;
			children = (
				3FD9AF222244F158006F25FE /* Base */,
			);
			name = LaunchScreen.storyboard;
			sourceTree = "<group>";
		};
/* End PBXVariantGroup section */

/* Begin XCBuildConfiguration section */
		3FD9AF252244F158006F25FE /* Debug */ = {
			isa = XCBuildConfiguration;
			buildSettings = {
				ALWAYS_SEARCH_USER_PATHS = NO;
				CLANG_ANALYZER_NONNULL = YES;
				CLANG_ANALYZER_NUMBER_OBJECT_CONVERSION = YES_AGGRESSIVE;
				CLANG_CXX_LANGUAGE_STANDARD = "gnu++14";
				CLANG_CXX_LIBRARY = "libc++";
				CLANG_ENABLE_MODULES = YES;
				CLANG_ENABLE_OBJC_ARC = YES;
				CLANG_ENABLE_OBJC_WEAK = YES;
				CLANG_WARN_BLOCK_CAPTURE_AUTORELEASING = YES;
				CLANG_WARN_BOOL_CONVERSION = YES;
				CLANG_WARN_COMMA = YES;
				CLANG_WARN_CONSTANT_CONVERSION = YES;
				CLANG_WARN_DEPRECATED_OBJC_IMPLEMENTATIONS = YES;
				CLANG_WARN_DIRECT_OBJC_ISA_USAGE = YES_ERROR;
				CLANG_WARN_DOCUMENTATION_COMMENTS = YES;
				CLANG_WARN_EMPTY_BODY = YES;
				CLANG_WARN_ENUM_CONVERSION = YES;
				CLANG_WARN_INFINITE_RECURSION = YES;
				CLANG_WARN_INT_CONVERSION = YES;
				CLANG_WARN_NON_LITERAL_NULL_CONVERSION = YES;
				CLANG_WARN_OBJC_IMPLICIT_RETAIN_SELF = YES;
				CLANG_WARN_OBJC_LITERAL_CONVERSION = YES;
				CLANG_WARN_OBJC_ROOT_CLASS = YES_ERROR;
				CLANG_WARN_RANGE_LOOP_ANALYSIS = YES;
				CLANG_WARN_STRICT_PROTOTYPES = YES;
				CLANG_WARN_SUSPICIOUS_MOVE = YES;
				CLANG_WARN_UNGUARDED_AVAILABILITY = YES_AGGRESSIVE;
				CLANG_WARN_UNREACHABLE_CODE = YES;
				CLANG_WARN__DUPLICATE_METHOD_MATCH = YES;
				CODE_SIGN_IDENTITY = "iPhone Developer";
				COPY_PHASE_STRIP = NO;
				DEBUG_INFORMATION_FORMAT = dwarf;
				ENABLE_STRICT_OBJC_MSGSEND = YES;
				ENABLE_TESTABILITY = YES;
				GCC_C_LANGUAGE_STANDARD = gnu11;
				GCC_DYNAMIC_NO_PIC = NO;
				GCC_NO_COMMON_BLOCKS = YES;
				GCC_OPTIMIZATION_LEVEL = 0;
				GCC_PREPROCESSOR_DEFINITIONS = (
					"DEBUG=1",
					"$(inherited)",
				);
				GCC_WARN_64_TO_32_BIT_CONVERSION = YES;
				GCC_WARN_ABOUT_RETURN_TYPE = YES_ERROR;
				GCC_WARN_UNDECLARED_SELECTOR = YES;
				GCC_WARN_UNINITIALIZED_AUTOS = YES_AGGRESSIVE;
				GCC_WARN_UNUSED_FUNCTION = YES;
				GCC_WARN_UNUSED_VARIABLE = YES;
				IPHONEOS_DEPLOYMENT_TARGET = 12.1;
				MTL_ENABLE_DEBUG_INFO = INCLUDE_SOURCE;
				MTL_FAST_MATH = YES;
				ONLY_ACTIVE_ARCH = YES;
				SDKROOT = iphoneos;
				SWIFT_ACTIVE_COMPILATION_CONDITIONS = DEBUG;
				SWIFT_OPTIMIZATION_LEVEL = "-Onone";
			};
			name = Debug;
		};
		3FD9AF262244F158006F25FE /* Release */ = {
			isa = XCBuildConfiguration;
			buildSettings = {
				ALWAYS_SEARCH_USER_PATHS = NO;
				CLANG_ANALYZER_NONNULL = YES;
				CLANG_ANALYZER_NUMBER_OBJECT_CONVERSION = YES_AGGRESSIVE;
				CLANG_CXX_LANGUAGE_STANDARD = "gnu++14";
				CLANG_CXX_LIBRARY = "libc++";
				CLANG_ENABLE_MODULES = YES;
				CLANG_ENABLE_OBJC_ARC = YES;
				CLANG_ENABLE_OBJC_WEAK = YES;
				CLANG_WARN_BLOCK_CAPTURE_AUTORELEASING = YES;
				CLANG_WARN_BOOL_CONVERSION = YES;
				CLANG_WARN_COMMA = YES;
				CLANG_WARN_CONSTANT_CONVERSION = YES;
				CLANG_WARN_DEPRECATED_OBJC_IMPLEMENTATIONS = YES;
				CLANG_WARN_DIRECT_OBJC_ISA_USAGE = YES_ERROR;
				CLANG_WARN_DOCUMENTATION_COMMENTS = YES;
				CLANG_WARN_EMPTY_BODY = YES;
				CLANG_WARN_ENUM_CONVERSION = YES;
				CLANG_WARN_INFINITE_RECURSION = YES;
				CLANG_WARN_INT_CONVERSION = YES;
				CLANG_WARN_NON_LITERAL_NULL_CONVERSION = YES;
				CLANG_WARN_OBJC_IMPLICIT_RETAIN_SELF = YES;
				CLANG_WARN_OBJC_LITERAL_CONVERSION = YES;
				CLANG_WARN_OBJC_ROOT_CLASS = YES_ERROR;
				CLANG_WARN_RANGE_LOOP_ANALYSIS = YES;
				CLANG_WARN_STRICT_PROTOTYPES = YES;
				CLANG_WARN_SUSPICIOUS_MOVE = YES;
				CLANG_WARN_UNGUARDED_AVAILABILITY = YES_AGGRESSIVE;
				CLANG_WARN_UNREACHABLE_CODE = YES;
				CLANG_WARN__DUPLICATE_METHOD_MATCH = YES;
				CODE_SIGN_IDENTITY = "iPhone Developer";
				COPY_PHASE_STRIP = NO;
				DEBUG_INFORMATION_FORMAT = "dwarf-with-dsym";
				ENABLE_NS_ASSERTIONS = NO;
				ENABLE_STRICT_OBJC_MSGSEND = YES;
				GCC_C_LANGUAGE_STANDARD = gnu11;
				GCC_NO_COMMON_BLOCKS = YES;
				GCC_WARN_64_TO_32_BIT_CONVERSION = YES;
				GCC_WARN_ABOUT_RETURN_TYPE = YES_ERROR;
				GCC_WARN_UNDECLARED_SELECTOR = YES;
				GCC_WARN_UNINITIALIZED_AUTOS = YES_AGGRESSIVE;
				GCC_WARN_UNUSED_FUNCTION = YES;
				GCC_WARN_UNUSED_VARIABLE = YES;
				IPHONEOS_DEPLOYMENT_TARGET = 12.1;
				MTL_ENABLE_DEBUG_INFO = NO;
				MTL_FAST_MATH = YES;
				SDKROOT = iphoneos;
				SWIFT_COMPILATION_MODE = wholemodule;
				SWIFT_OPTIMIZATION_LEVEL = "-O";
				VALIDATE_PRODUCT = YES;
			};
			name = Release;
		};
		3FD9AF282244F158006F25FE /* Debug */ = {
			isa = XCBuildConfiguration;
			baseConfigurationReference = FB8EFC993F459E0865D18F5D /* Pods-TestSegmentedControl.debug.xcconfig */;
			buildSettings = {
				ASSETCATALOG_COMPILER_APPICON_NAME = AppIcon;
				CODE_SIGN_STYLE = Automatic;
				INFOPLIST_FILE = TestSegmentedControl/Info.plist;
				LD_RUNPATH_SEARCH_PATHS = (
					"$(inherited)",
					"@executable_path/Frameworks",
				);
				PRODUCT_BUNDLE_IDENTIFIER = com.arif.TestSegmentedControl;
				PRODUCT_NAME = "$(TARGET_NAME)";
				SWIFT_VERSION = 4.2;
				TARGETED_DEVICE_FAMILY = "1,2";
			};
			name = Debug;
		};
		3FD9AF292244F158006F25FE /* Release */ = {
			isa = XCBuildConfiguration;
			baseConfigurationReference = 4E14EDEBF71194CF45F146E9 /* Pods-TestSegmentedControl.release.xcconfig */;
			buildSettings = {
				ASSETCATALOG_COMPILER_APPICON_NAME = AppIcon;
				CODE_SIGN_STYLE = Automatic;
				INFOPLIST_FILE = TestSegmentedControl/Info.plist;
				LD_RUNPATH_SEARCH_PATHS = (
					"$(inherited)",
					"@executable_path/Frameworks",
				);
				PRODUCT_BUNDLE_IDENTIFIER = com.arif.TestSegmentedControl;
				PRODUCT_NAME = "$(TARGET_NAME)";
				SWIFT_VERSION = 4.2;
				TARGETED_DEVICE_FAMILY = "1,2";
			};
			name = Release;
		};
/* End XCBuildConfiguration section */

/* Begin XCConfigurationList section */
		3FD9AF102244F157006F25FE /* Build configuration list for PBXProject "TestSegmentedControl" */ = {
			isa = XCConfigurationList;
			buildConfigurations = (
				3FD9AF252244F158006F25FE /* Debug */,
				3FD9AF262244F158006F25FE /* Release */,
			);
			defaultConfigurationIsVisible = 0;
			defaultConfigurationName = Release;
		};
		3FD9AF272244F158006F25FE /* Build configuration list for PBXNativeTarget "TestSegmentedControl" */ = {
			isa = XCConfigurationList;
			buildConfigurations = (
				3FD9AF282244F158006F25FE /* Debug */,
				3FD9AF292244F158006F25FE /* Release */,
			);
			defaultConfigurationIsVisible = 0;
			defaultConfigurationName = Release;
		};
/* End XCConfigurationList section */
	};
	rootObject = 3FD9AF0D2244F157006F25FE /* Project object */;
}
